// !$*UTF8*$!
{
	archiveVersion = 1;
	classes = {
	};
	objectVersion = 46;
	objects = {

/* Begin PBXBuildFile section */
		0989B352E15F3FFA9ABF0959 /* LocalNotificationService.swift in Sources */ = {isa = PBXBuildFile; fileRef = 55BB075B7A2907EF68773F98 /* LocalNotificationService.swift */; };
		1558D566EDA077D2875DD4B9 /* RecipeEditorView.swift in Sources */ = {isa = PBXBuildFile; fileRef = 6F2461D0096F18FD3484CE18 /* RecipeEditorView.swift */; };
		15C46D29D4B493C41C68B231 /* CookModeView.swift in Sources */ = {isa = PBXBuildFile; fileRef = A25B9ED7847F9F1D0F983A9D /* CookModeView.swift */; };
		186115028CAA0EB39A2D1FC8 /* AppInfoTests.swift in Sources */ = {isa = PBXBuildFile; fileRef = 949DABD0C005B35060675AD2 /* AppInfoTests.swift */; };
		208BF107108BBCB089844C9E /* ScalingEngine.swift in Sources */ = {isa = PBXBuildFile; fileRef = 974C7B9A02F505B2E911BA3E /* ScalingEngine.swift */; };
		213FA4D787CC2F6A4D964BA3 /* CookSessionRepositoryTests.swift in Sources */ = {isa = PBXBuildFile; fileRef = 6962D1CEEF9EB8F3EA495D0E /* CookSessionRepositoryTests.swift */; };
		234AF02A0FC3C81A8CA15B4E /* GRDB in Frameworks */ = {isa = PBXBuildFile; productRef = 6E4F029DCC5621A3BD8F406D /* GRDB */; };
		279031A648E5C3E5C77A723B /* CookSession.swift in Sources */ = {isa = PBXBuildFile; fileRef = 6205DB682E39526B51275309 /* CookSession.swift */; };
		2BF5F5362B175005CDC4838E /* TimerRepository.swift in Sources */ = {isa = PBXBuildFile; fileRef = 25B8B145C6EB9C2B701E57C8 /* TimerRepository.swift */; };
		35063EA91C10920FA2E6BD18 /* RecipeWorkflowUITests.swift in Sources */ = {isa = PBXBuildFile; fileRef = 3357A80F5E32FDD2BBB488CC /* RecipeWorkflowUITests.swift */; };
		3AA96B5372B3ED73CE59684C /* PlainTextRecipeParserTests.swift in Sources */ = {isa = PBXBuildFile; fileRef = 39A413DD6E303F652D0160AE /* PlainTextRecipeParserTests.swift */; };
		3EB6A89059D65E593E452110 /* CookConsoleApp.swift in Sources */ = {isa = PBXBuildFile; fileRef = 456E5B9F13546CDE0C2BEDA7 /* CookConsoleApp.swift */; };
		4076DE0250E096F6C62D2917 /* AppInfo.swift in Sources */ = {isa = PBXBuildFile; fileRef = 0A0A9D466CA111D388DDEABF /* AppInfo.swift */; };
		48A30FFB07608BADCB09FEBC /* Foundation.framework in Frameworks */ = {isa = PBXBuildFile; fileRef = A781D633C82D834953F553D4 /* Foundation.framework */; };
		55702BB18B28B24918EDA44B /* RecipeDatabase.swift in Sources */ = {isa = PBXBuildFile; fileRef = 187BCD45DFFA5EAC61721A66 /* RecipeDatabase.swift */; };
		62C3CE1FD6A165D03C0ABE23 /* CookProgressTests.swift in Sources */ = {isa = PBXBuildFile; fileRef = 9F8CEFBA2D6186102D8FFE34 /* CookProgressTests.swift */; };
		744ABF788554AEBFDF178C6C /* AppStore.swift in Sources */ = {isa = PBXBuildFile; fileRef = F7C68908AB91F9067246E36C /* AppStore.swift */; };
		74FEF7601F26A3C7D6D0483E /* AppStoreQueryTests.swift in Sources */ = {isa = PBXBuildFile; fileRef = 1EE4393D5CED14996FC9CB81 /* AppStoreQueryTests.swift */; };
		7C6CB8E30D2C8084BC3B6989 /* ScalingEngineTests.swift in Sources */ = {isa = PBXBuildFile; fileRef = 280AD6591A73DE450DC4C972 /* ScalingEngineTests.swift */; };
		7C7D1BD8D5746C3E844D5194 /* DomainModelTests.swift in Sources */ = {isa = PBXBuildFile; fileRef = C48D2FD1F539DA897B84A80C /* DomainModelTests.swift */; };
		83A27A63417A2ECAC6AA3719 /* RecipeDetailView.swift in Sources */ = {isa = PBXBuildFile; fileRef = 3AF3A45377F2EB31FDE2B523 /* RecipeDetailView.swift */; };
		864B8460DE3DCE8C2754AF99 /* Foundation.framework in Frameworks */ = {isa = PBXBuildFile; fileRef = A781D633C82D834953F553D4 /* Foundation.framework */; };
		87B25B875F9C53B3133F17BC /* CookTimer.swift in Sources */ = {isa = PBXBuildFile; fileRef = C54BEFA67D3D586FEE81AC5E /* CookTimer.swift */; };
		8FC71FA03D94A5156ACBD77B /* Foundation.framework in Frameworks */ = {isa = PBXBuildFile; fileRef = A781D633C82D834953F553D4 /* Foundation.framework */; };
		92082CCCC40EA16E510824D8 /* TimerEngine.swift in Sources */ = {isa = PBXBuildFile; fileRef = 1975B0CECC8F6BA26FF340DB /* TimerEngine.swift */; };
		A5465AA892F397D7DBC701FB /* ContentView.swift in Sources */ = {isa = PBXBuildFile; fileRef = 53DB65B3C00A28EEE8903E75 /* ContentView.swift */; };
		A7BB6CD9CFA705CBC1356647 /* Recipe.swift in Sources */ = {isa = PBXBuildFile; fileRef = 0213BCCA50DA768A0695F398 /* Recipe.swift */; };
		B74BFD641B90CE8D946DB1EA /* TimerNotificationScheduling.swift in Sources */ = {isa = PBXBuildFile; fileRef = E3315D93488EED4B7EDD90EA /* TimerNotificationScheduling.swift */; };
		B7C40BC3D0658EBC6B92DE0B /* GRDB in Frameworks */ = {isa = PBXBuildFile; productRef = 02F101418E0D4C0D6BFF77E8 /* GRDB */; };
		CEE3FEA7671D25A052F460AA /* RecipeDraft.swift in Sources */ = {isa = PBXBuildFile; fileRef = E3A522C0C605F3A691B2E252 /* RecipeDraft.swift */; };
		DB239720C5B99EB43CF5B63A /* RecipeRepository.swift in Sources */ = {isa = PBXBuildFile; fileRef = E839D26B16E1E6BBDCCAA12E /* RecipeRepository.swift */; };
		E16F5AE746D3E3ABE3D056CD /* RecipeLibraryView.swift in Sources */ = {isa = PBXBuildFile; fileRef = 99F07133CAFF2967C03C2521 /* RecipeLibraryView.swift */; };
		E22D69149F23CB582A4E181A /* TimerEngineTests.swift in Sources */ = {isa = PBXBuildFile; fileRef = 042BF362B720C11F831E0C55 /* TimerEngineTests.swift */; };
		E509EE82048A73AEEA84987F /* RecipeRepositoryTests.swift in Sources */ = {isa = PBXBuildFile; fileRef = FA80C260D88ED4F9D5136608 /* RecipeRepositoryTests.swift */; };
		EBBBF4B1C6B9902B02DD9953 /* PlainTextRecipeParser.swift in Sources */ = {isa = PBXBuildFile; fileRef = CBD74A830AB280061B47311A /* PlainTextRecipeParser.swift */; };
/* End PBXBuildFile section */

/* Begin PBXContainerItemProxy section */
		1D3490301DEF6E1E9F394E07 /* PBXContainerItemProxy */ = {
			isa = PBXContainerItemProxy;
			containerPortal = 98788F383659F8AD821B000B /* Project object */;
			proxyType = 1;
			remoteGlobalIDString = D8D43B1461A903A9B17EC346;
			remoteInfo = CookConsole;
		};
		E04BC05F8CE0D0EFA69DCF5E /* PBXContainerItemProxy */ = {
			isa = PBXContainerItemProxy;
			containerPortal = 98788F383659F8AD821B000B /* Project object */;
			proxyType = 1;
			remoteGlobalIDString = D8D43B1461A903A9B17EC346;
			remoteInfo = CookConsole;
		};
/* End PBXContainerItemProxy section */

/* Begin PBXFileReference section */
		0213BCCA50DA768A0695F398 /* Recipe.swift */ = {isa = PBXFileReference; includeInIndex = 1; lastKnownFileType = sourcecode.swift; name = Recipe.swift; path = Sources/CookConsole/Domain/Recipe.swift; sourceTree = "<group>"; };
		042BF362B720C11F831E0C55 /* TimerEngineTests.swift */ = {isa = PBXFileReference; includeInIndex = 1; lastKnownFileType = sourcecode.swift; name = TimerEngineTests.swift; path = Tests/CookConsoleTests/TimerEngineTests.swift; sourceTree = "<group>"; };
		0A0A9D466CA111D388DDEABF /* AppInfo.swift */ = {isa = PBXFileReference; includeInIndex = 1; lastKnownFileType = sourcecode.swift; name = AppInfo.swift; path = Sources/CookConsole/AppInfo.swift; sourceTree = "<group>"; };
		187BCD45DFFA5EAC61721A66 /* RecipeDatabase.swift */ = {isa = PBXFileReference; includeInIndex = 1; lastKnownFileType = sourcecode.swift; name = RecipeDatabase.swift; path = Sources/CookConsole/Data/RecipeDatabase.swift; sourceTree = "<group>"; };
		1975B0CECC8F6BA26FF340DB /* TimerEngine.swift */ = {isa = PBXFileReference; includeInIndex = 1; lastKnownFileType = sourcecode.swift; name = TimerEngine.swift; path = Sources/CookConsole/Domain/TimerEngine.swift; sourceTree = "<group>"; };
		1EE4393D5CED14996FC9CB81 /* AppStoreQueryTests.swift */ = {isa = PBXFileReference; includeInIndex = 1; lastKnownFileType = sourcecode.swift; name = AppStoreQueryTests.swift; path = Tests/CookConsoleTests/AppStoreQueryTests.swift; sourceTree = "<group>"; };
		25B8B145C6EB9C2B701E57C8 /* TimerRepository.swift */ = {isa = PBXFileReference; includeInIndex = 1; lastKnownFileType = sourcecode.swift; name = TimerRepository.swift; path = Sources/CookConsole/Data/TimerRepository.swift; sourceTree = "<group>"; };
		280AD6591A73DE450DC4C972 /* ScalingEngineTests.swift */ = {isa = PBXFileReference; includeInIndex = 1; lastKnownFileType = sourcecode.swift; name = ScalingEngineTests.swift; path = Tests/CookConsoleTests/ScalingEngineTests.swift; sourceTree = "<group>"; };
		3357A80F5E32FDD2BBB488CC /* RecipeWorkflowUITests.swift */ = {isa = PBXFileReference; includeInIndex = 1; lastKnownFileType = sourcecode.swift; name = RecipeWorkflowUITests.swift; path = Tests/CookConsoleUITests/RecipeWorkflowUITests.swift; sourceTree = "<group>"; };
		39A413DD6E303F652D0160AE /* PlainTextRecipeParserTests.swift */ = {isa = PBXFileReference; includeInIndex = 1; lastKnownFileType = sourcecode.swift; name = PlainTextRecipeParserTests.swift; path = Tests/CookConsoleTests/PlainTextRecipeParserTests.swift; sourceTree = "<group>"; };
		3AF3A45377F2EB31FDE2B523 /* RecipeDetailView.swift */ = {isa = PBXFileReference; includeInIndex = 1; lastKnownFileType = sourcecode.swift; name = RecipeDetailView.swift; path = Sources/CookConsole/Features/RecipeDetailView.swift; sourceTree = "<group>"; };
		456E5B9F13546CDE0C2BEDA7 /* CookConsoleApp.swift */ = {isa = PBXFileReference; includeInIndex = 1; lastKnownFileType = sourcecode.swift; name = CookConsoleApp.swift; path = Sources/CookConsole/CookConsoleApp.swift; sourceTree = "<group>"; };
		53DB65B3C00A28EEE8903E75 /* ContentView.swift */ = {isa = PBXFileReference; includeInIndex = 1; lastKnownFileType = sourcecode.swift; name = ContentView.swift; path = Sources/CookConsole/ContentView.swift; sourceTree = "<group>"; };
		55BB075B7A2907EF68773F98 /* LocalNotificationService.swift */ = {isa = PBXFileReference; includeInIndex = 1; lastKnownFileType = sourcecode.swift; name = LocalNotificationService.swift; path = Sources/CookConsole/Services/LocalNotificationService.swift; sourceTree = "<group>"; };
		6205DB682E39526B51275309 /* CookSession.swift */ = {isa = PBXFileReference; includeInIndex = 1; lastKnownFileType = sourcecode.swift; name = CookSession.swift; path = Sources/CookConsole/Domain/CookSession.swift; sourceTree = "<group>"; };
		6953E56C6A40348BC6ADCCD9 /* CookConsoleUITests.xctest */ = {isa = PBXFileReference; explicitFileType = wrapper.cfbundle; includeInIndex = 0; path = CookConsoleUITests.xctest; sourceTree = BUILT_PRODUCTS_DIR; };
		6962D1CEEF9EB8F3EA495D0E /* CookSessionRepositoryTests.swift */ = {isa = PBXFileReference; includeInIndex = 1; lastKnownFileType = sourcecode.swift; name = CookSessionRepositoryTests.swift; path = Tests/CookConsoleTests/CookSessionRepositoryTests.swift; sourceTree = "<group>"; };
		6F2461D0096F18FD3484CE18 /* RecipeEditorView.swift */ = {isa = PBXFileReference; includeInIndex = 1; lastKnownFileType = sourcecode.swift; name = RecipeEditorView.swift; path = Sources/CookConsole/Features/RecipeEditorView.swift; sourceTree = "<group>"; };
		805C6D42B23C98C2A27EDC3D /* CookConsole.app */ = {isa = PBXFileReference; explicitFileType = wrapper.application; includeInIndex = 0; path = CookConsole.app; sourceTree = BUILT_PRODUCTS_DIR; };
		949DABD0C005B35060675AD2 /* AppInfoTests.swift */ = {isa = PBXFileReference; includeInIndex = 1; lastKnownFileType = sourcecode.swift; name = AppInfoTests.swift; path = Tests/CookConsoleTests/AppInfoTests.swift; sourceTree = "<group>"; };
		974C7B9A02F505B2E911BA3E /* ScalingEngine.swift */ = {isa = PBXFileReference; includeInIndex = 1; lastKnownFileType = sourcecode.swift; name = ScalingEngine.swift; path = Sources/CookConsole/Domain/ScalingEngine.swift; sourceTree = "<group>"; };
		99F07133CAFF2967C03C2521 /* RecipeLibraryView.swift */ = {isa = PBXFileReference; includeInIndex = 1; lastKnownFileType = sourcecode.swift; name = RecipeLibraryView.swift; path = Sources/CookConsole/Features/RecipeLibraryView.swift; sourceTree = "<group>"; };
		9F8CEFBA2D6186102D8FFE34 /* CookProgressTests.swift */ = {isa = PBXFileReference; includeInIndex = 1; lastKnownFileType = sourcecode.swift; name = CookProgressTests.swift; path = Tests/CookConsoleTests/CookProgressTests.swift; sourceTree = "<group>"; };
		A25B9ED7847F9F1D0F983A9D /* CookModeView.swift */ = {isa = PBXFileReference; includeInIndex = 1; lastKnownFileType = sourcecode.swift; name = CookModeView.swift; path = Sources/CookConsole/Features/CookModeView.swift; sourceTree = "<group>"; };
		A781D633C82D834953F553D4 /* Foundation.framework */ = {isa = PBXFileReference; lastKnownFileType = wrapper.framework; name = Foundation.framework; path = Platforms/iPhoneOS.platform/Developer/SDKs/iPhoneOS26.0.sdk/System/Library/Frameworks/Foundation.framework; sourceTree = DEVELOPER_DIR; };
		B867E150A64525497F63588C /* CookConsoleTests.xctest */ = {isa = PBXFileReference; explicitFileType = wrapper.cfbundle; includeInIndex = 0; path = CookConsoleTests.xctest; sourceTree = BUILT_PRODUCTS_DIR; };
		C48D2FD1F539DA897B84A80C /* DomainModelTests.swift */ = {isa = PBXFileReference; includeInIndex = 1; lastKnownFileType = sourcecode.swift; name = DomainModelTests.swift; path = Tests/CookConsoleTests/DomainModelTests.swift; sourceTree = "<group>"; };
		C54BEFA67D3D586FEE81AC5E /* CookTimer.swift */ = {isa = PBXFileReference; includeInIndex = 1; lastKnownFileType = sourcecode.swift; name = CookTimer.swift; path = Sources/CookConsole/Domain/CookTimer.swift; sourceTree = "<group>"; };
		CBD74A830AB280061B47311A /* PlainTextRecipeParser.swift */ = {isa = PBXFileReference; includeInIndex = 1; lastKnownFileType = sourcecode.swift; name = PlainTextRecipeParser.swift; path = Sources/CookConsole/Domain/PlainTextRecipeParser.swift; sourceTree = "<group>"; };
		E3315D93488EED4B7EDD90EA /* TimerNotificationScheduling.swift */ = {isa = PBXFileReference; includeInIndex = 1; lastKnownFileType = sourcecode.swift; name = TimerNotificationScheduling.swift; path = Sources/CookConsole/Services/TimerNotificationScheduling.swift; sourceTree = "<group>"; };
		E3A522C0C605F3A691B2E252 /* RecipeDraft.swift */ = {isa = PBXFileReference; includeInIndex = 1; lastKnownFileType = sourcecode.swift; name = RecipeDraft.swift; path = Sources/CookConsole/Domain/RecipeDraft.swift; sourceTree = "<group>"; };
		E839D26B16E1E6BBDCCAA12E /* RecipeRepository.swift */ = {isa = PBXFileReference; includeInIndex = 1; lastKnownFileType = sourcecode.swift; name = RecipeRepository.swift; path = Sources/CookConsole/Data/RecipeRepository.swift; sourceTree = "<group>"; };
		F7C68908AB91F9067246E36C /* AppStore.swift */ = {isa = PBXFileReference; includeInIndex = 1; lastKnownFileType = sourcecode.swift; name = AppStore.swift; path = Sources/CookConsole/Application/AppStore.swift; sourceTree = "<group>"; };
		FA80C260D88ED4F9D5136608 /* RecipeRepositoryTests.swift */ = {isa = PBXFileReference; includeInIndex = 1; lastKnownFileType = sourcecode.swift; name = RecipeRepositoryTests.swift; path = Tests/CookConsoleTests/RecipeRepositoryTests.swift; sourceTree = "<group>"; };
/* End PBXFileReference section */

/* Begin PBXFrameworksBuildPhase section */
		09D51A6A63AE3B60895EC3BC /* Frameworks */ = {
			isa = PBXFrameworksBuildPhase;
			buildActionMask = 2147483647;
			files = (
				864B8460DE3DCE8C2754AF99 /* Foundation.framework in Frameworks */,
				B7C40BC3D0658EBC6B92DE0B /* GRDB in Frameworks */,
			);
			runOnlyForDeploymentPostprocessing = 0;
		};
		13B356229E8CA3748C17B85B /* Frameworks */ = {
			isa = PBXFrameworksBuildPhase;
			buildActionMask = 2147483647;
			files = (
				48A30FFB07608BADCB09FEBC /* Foundation.framework in Frameworks */,
			);
			runOnlyForDeploymentPostprocessing = 0;
		};
		77CBEA2FABDEC542D23FA3B6 /* Frameworks */ = {
			isa = PBXFrameworksBuildPhase;
			buildActionMask = 2147483647;
			files = (
				8FC71FA03D94A5156ACBD77B /* Foundation.framework in Frameworks */,
				234AF02A0FC3C81A8CA15B4E /* GRDB in Frameworks */,
			);
			runOnlyForDeploymentPostprocessing = 0;
		};
/* End PBXFrameworksBuildPhase section */

/* Begin PBXGroup section */
		933C0AF97A74BC584D780B30 /* Products */ = {
			isa = PBXGroup;
			children = (
				805C6D42B23C98C2A27EDC3D /* CookConsole.app */,
				B867E150A64525497F63588C /* CookConsoleTests.xctest */,
				6953E56C6A40348BC6ADCCD9 /* CookConsoleUITests.xctest */,
			);
			name = Products;
			sourceTree = "<group>";
		};
		9839F5F7D63328D7537D689F /* iOS */ = {
			isa = PBXGroup;
			children = (
				A781D633C82D834953F553D4 /* Foundation.framework */,
			);
			name = iOS;
			sourceTree = "<group>";
		};
		F7E139666C70DF06DA929927 = {
			isa = PBXGroup;
			children = (
				933C0AF97A74BC584D780B30 /* Products */,
				FBA98D451A9F3F65FCFF07BB /* Frameworks */,
				0A0A9D466CA111D388DDEABF /* AppInfo.swift */,
				F7C68908AB91F9067246E36C /* AppStore.swift */,
				53DB65B3C00A28EEE8903E75 /* ContentView.swift */,
				456E5B9F13546CDE0C2BEDA7 /* CookConsoleApp.swift */,
				187BCD45DFFA5EAC61721A66 /* RecipeDatabase.swift */,
				E839D26B16E1E6BBDCCAA12E /* RecipeRepository.swift */,
				25B8B145C6EB9C2B701E57C8 /* TimerRepository.swift */,
				6205DB682E39526B51275309 /* CookSession.swift */,
				C54BEFA67D3D586FEE81AC5E /* CookTimer.swift */,
				CBD74A830AB280061B47311A /* PlainTextRecipeParser.swift */,
				0213BCCA50DA768A0695F398 /* Recipe.swift */,
				E3A522C0C605F3A691B2E252 /* RecipeDraft.swift */,
				974C7B9A02F505B2E911BA3E /* ScalingEngine.swift */,
				1975B0CECC8F6BA26FF340DB /* TimerEngine.swift */,
				A25B9ED7847F9F1D0F983A9D /* CookModeView.swift */,
				3AF3A45377F2EB31FDE2B523 /* RecipeDetailView.swift */,
				6F2461D0096F18FD3484CE18 /* RecipeEditorView.swift */,
				99F07133CAFF2967C03C2521 /* RecipeLibraryView.swift */,
				55BB075B7A2907EF68773F98 /* LocalNotificationService.swift */,
				E3315D93488EED4B7EDD90EA /* TimerNotificationScheduling.swift */,
				949DABD0C005B35060675AD2 /* AppInfoTests.swift */,
				1EE4393D5CED14996FC9CB81 /* AppStoreQueryTests.swift */,
				9F8CEFBA2D6186102D8FFE34 /* CookProgressTests.swift */,
				6962D1CEEF9EB8F3EA495D0E /* CookSessionRepositoryTests.swift */,
				C48D2FD1F539DA897B84A80C /* DomainModelTests.swift */,
				39A413DD6E303F652D0160AE /* PlainTextRecipeParserTests.swift */,
				FA80C260D88ED4F9D5136608 /* RecipeRepositoryTests.swift */,
				280AD6591A73DE450DC4C972 /* ScalingEngineTests.swift */,
				042BF362B720C11F831E0C55 /* TimerEngineTests.swift */,
				3357A80F5E32FDD2BBB488CC /* RecipeWorkflowUITests.swift */,
			);
			sourceTree = "<group>";
		};
		FBA98D451A9F3F65FCFF07BB /* Frameworks */ = {
			isa = PBXGroup;
			children = (
				9839F5F7D63328D7537D689F /* iOS */,
			);
			name = Frameworks;
			sourceTree = "<group>";
		};
/* End PBXGroup section */

/* Begin PBXNativeTarget section */
		6D18A6FF0476DAAC822AB9C5 /* CookConsoleTests */ = {
			isa = PBXNativeTarget;
			buildConfigurationList = BFCC154A49BBAFF75F15410F /* Build configuration list for PBXNativeTarget "CookConsoleTests" */;
			buildPhases = (
				701D6D428CA770BF2A55620E /* Sources */,
				77CBEA2FABDEC542D23FA3B6 /* Frameworks */,
				D53014D84915D52AC20CEB19 /* Resources */,
			);
			buildRules = (
			);
			dependencies = (
				39472B8ED6305A31C9C337F6 /* PBXTargetDependency */,
			);
			name = CookConsoleTests;
			packageProductDependencies = (
				6E4F029DCC5621A3BD8F406D /* GRDB */,
			);
			productName = CookConsoleTests;
			productReference = B867E150A64525497F63588C /* CookConsoleTests.xctest */;
			productType = "com.apple.product-type.bundle.unit-test";
		};
		B177DBD660E427DA6CE7E358 /* CookConsoleUITests */ = {
			isa = PBXNativeTarget;
			buildConfigurationList = E1D2D015557F10B008AE473E /* Build configuration list for PBXNativeTarget "CookConsoleUITests" */;
			buildPhases = (
				EC737AE36EB3A768EBAE813E /* Sources */,
				13B356229E8CA3748C17B85B /* Frameworks */,
				34F4B7DD3F6CDD2626EA3FCB /* Resources */,
			);
			buildRules = (
			);
			dependencies = (
				9C40F50AB579276A9946CDAB /* PBXTargetDependency */,
			);
			name = CookConsoleUITests;
			productName = CookConsoleUITests;
			productReference = 6953E56C6A40348BC6ADCCD9 /* CookConsoleUITests.xctest */;
			productType = "com.apple.product-type.bundle.ui-testing";
		};
		D8D43B1461A903A9B17EC346 /* CookConsole */ = {
			isa = PBXNativeTarget;
			buildConfigurationList = A06D71F0A7AFCC8266C5F40D /* Build configuration list for PBXNativeTarget "CookConsole" */;
			buildPhases = (
				18B2F1208AEF36A064377D17 /* Sources */,
				09D51A6A63AE3B60895EC3BC /* Frameworks */,
				ADEE78CE0563AB4E355C47E6 /* Resources */,
			);
			buildRules = (
			);
			dependencies = (
			);
			name = CookConsole;
			packageProductDependencies = (
				02F101418E0D4C0D6BFF77E8 /* GRDB */,
			);
			productName = CookConsole;
			productReference = 805C6D42B23C98C2A27EDC3D /* CookConsole.app */;
			productType = "com.apple.product-type.application";
		};
/* End PBXNativeTarget section */

/* Begin PBXProject section */
		98788F383659F8AD821B000B /* Project object */ = {
			isa = PBXProject;
			attributes = {
				LastSwiftUpdateCheck = 1600;
				LastUpgradeCheck = 1600;
			};
			buildConfigurationList = AEC4F7BFD955A3A648A8E102 /* Build configuration list for PBXProject "CookConsole" */;
			compatibilityVersion = "Xcode 3.2";
			developmentRegion = en;
			hasScannedForEncodings = 0;
			knownRegions = (
				en,
				Base,
			);
			mainGroup = F7E139666C70DF06DA929927;
			minimizedProjectReferenceProxies = 0;
			packageReferences = (
				28590F0CF4BE059B032975C7 /* XCRemoteSwiftPackageReference "GRDB.swift" */,
			);
			preferredProjectObjectVersion = 100;
			productRefGroup = 933C0AF97A74BC584D780B30 /* Products */;
			projectDirPath = "";
			projectRoot = "";
			targets = (
				D8D43B1461A903A9B17EC346 /* CookConsole */,
				6D18A6FF0476DAAC822AB9C5 /* CookConsoleTests */,
				B177DBD660E427DA6CE7E358 /* CookConsoleUITests */,
			);
		};
/* End PBXProject section */

/* Begin PBXResourcesBuildPhase section */
		34F4B7DD3F6CDD2626EA3FCB /* Resources */ = {
			isa = PBXResourcesBuildPhase;
			buildActionMask = 2147483647;
			files = (
			);
			runOnlyForDeploymentPostprocessing = 0;
		};
		ADEE78CE0563AB4E355C47E6 /* Resources */ = {
			isa = PBXResourcesBuildPhase;
			buildActionMask = 2147483647;
			files = (
			);
			runOnlyForDeploymentPostprocessing = 0;
		};
		D53014D84915D52AC20CEB19 /* Resources */ = {
			isa = PBXResourcesBuildPhase;
			buildActionMask = 2147483647;
			files = (
			);
			runOnlyForDeploymentPostprocessing = 0;
		};
/* End PBXResourcesBuildPhase section */

/* Begin PBXSourcesBuildPhase section */
		18B2F1208AEF36A064377D17 /* Sources */ = {
			isa = PBXSourcesBuildPhase;
			buildActionMask = 2147483647;
			files = (
				4076DE0250E096F6C62D2917 /* AppInfo.swift in Sources */,
				744ABF788554AEBFDF178C6C /* AppStore.swift in Sources */,
				A5465AA892F397D7DBC701FB /* ContentView.swift in Sources */,
				3EB6A89059D65E593E452110 /* CookConsoleApp.swift in Sources */,
				55702BB18B28B24918EDA44B /* RecipeDatabase.swift in Sources */,
				DB239720C5B99EB43CF5B63A /* RecipeRepository.swift in Sources */,
				2BF5F5362B175005CDC4838E /* TimerRepository.swift in Sources */,
				279031A648E5C3E5C77A723B /* CookSession.swift in Sources */,
				87B25B875F9C53B3133F17BC /* CookTimer.swift in Sources */,
				EBBBF4B1C6B9902B02DD9953 /* PlainTextRecipeParser.swift in Sources */,
				A7BB6CD9CFA705CBC1356647 /* Recipe.swift in Sources */,
				CEE3FEA7671D25A052F460AA /* RecipeDraft.swift in Sources */,
				208BF107108BBCB089844C9E /* ScalingEngine.swift in Sources */,
				92082CCCC40EA16E510824D8 /* TimerEngine.swift in Sources */,
				15C46D29D4B493C41C68B231 /* CookModeView.swift in Sources */,
				83A27A63417A2ECAC6AA3719 /* RecipeDetailView.swift in Sources */,
				1558D566EDA077D2875DD4B9 /* RecipeEditorView.swift in Sources */,
				E16F5AE746D3E3ABE3D056CD /* RecipeLibraryView.swift in Sources */,
				0989B352E15F3FFA9ABF0959 /* LocalNotificationService.swift in Sources */,
				B74BFD641B90CE8D946DB1EA /* TimerNotificationScheduling.swift in Sources */,
			);
			runOnlyForDeploymentPostprocessing = 0;
		};
		701D6D428CA770BF2A55620E /* Sources */ = {
			isa = PBXSourcesBuildPhase;
			buildActionMask = 2147483647;
			files = (
				186115028CAA0EB39A2D1FC8 /* AppInfoTests.swift in Sources */,
				74FEF7601F26A3C7D6D0483E /* AppStoreQueryTests.swift in Sources */,
				62C3CE1FD6A165D03C0ABE23 /* CookProgressTests.swift in Sources */,
				213FA4D787CC2F6A4D964BA3 /* CookSessionRepositoryTests.swift in Sources */,
				7C7D1BD8D5746C3E844D5194 /* DomainModelTests.swift in Sources */,
				3AA96B5372B3ED73CE59684C /* PlainTextRecipeParserTests.swift in Sources */,
				E509EE82048A73AEEA84987F /* RecipeRepositoryTests.swift in Sources */,
				7C6CB8E30D2C8084BC3B6989 /* ScalingEngineTests.swift in Sources */,
				E22D69149F23CB582A4E181A /* TimerEngineTests.swift in Sources */,
			);
			runOnlyForDeploymentPostprocessing = 0;
		};
		EC737AE36EB3A768EBAE813E /* Sources */ = {
			isa = PBXSourcesBuildPhase;
			buildActionMask = 2147483647;
			files = (
				35063EA91C10920FA2E6BD18 /* RecipeWorkflowUITests.swift in Sources */,
			);
			runOnlyForDeploymentPostprocessing = 0;
		};
/* End PBXSourcesBuildPhase section */

/* Begin PBXTargetDependency section */
		39472B8ED6305A31C9C337F6 /* PBXTargetDependency */ = {
			isa = PBXTargetDependency;
			name = CookConsole;
			target = D8D43B1461A903A9B17EC346 /* CookConsole */;
			targetProxy = 1D3490301DEF6E1E9F394E07 /* PBXContainerItemProxy */;
		};
		9C40F50AB579276A9946CDAB /* PBXTargetDependency */ = {
			isa = PBXTargetDependency;
			name = CookConsole;
			target = D8D43B1461A903A9B17EC346 /* CookConsole */;
			targetProxy = E04BC05F8CE0D0EFA69DCF5E /* PBXContainerItemProxy */;
		};
/* End PBXTargetDependency section */

/* Begin XCBuildConfiguration section */
		1892CB43224C44EB9B97077D /* Release */ = {
			isa = XCBuildConfiguration;
			buildSettings = {
				CLANG_ENABLE_OBJC_WEAK = NO;
				GENERATE_INFOPLIST_FILE = YES;
				IPHONEOS_DEPLOYMENT_TARGET = 26.0;
				PRODUCT_BUNDLE_IDENTIFIER = com.infinityball.cookconsole.uitests;
				SDKROOT = iphoneos;
				TEST_TARGET_NAME = CookConsole;
				VALIDATE_PRODUCT = YES;
			};
			name = Release;
		};
		47B4E6E3B1255A126516F34A /* Debug */ = {
			isa = XCBuildConfiguration;
			buildSettings = {
				CLANG_ENABLE_OBJC_WEAK = NO;
				GENERATE_INFOPLIST_FILE = YES;
				IPHONEOS_DEPLOYMENT_TARGET = 26.0;
				PRODUCT_BUNDLE_IDENTIFIER = com.infinityball.cookconsole.uitests;
				SDKROOT = iphoneos;
				TEST_TARGET_NAME = CookConsole;
			};
			name = Debug;
		};
		553C09FEF86F41F788F4D4C3 /* Release */ = {
			isa = XCBuildConfiguration;
			buildSettings = {
				BUNDLE_LOADER = "$(TEST_HOST)";
				CLANG_ENABLE_OBJC_WEAK = NO;
				GENERATE_INFOPLIST_FILE = YES;
				IPHONEOS_DEPLOYMENT_TARGET = 26.0;
				PRODUCT_BUNDLE_IDENTIFIER = com.infinityball.cookconsole.tests;
				SDKROOT = iphoneos;
				TEST_HOST = "$(BUILT_PRODUCTS_DIR)/CookConsole.app/$(BUNDLE_EXECUTABLE_FOLDER_PATH)/CookConsole";
				VALIDATE_PRODUCT = YES;
			};
			name = Release;
		};
		79A60149D650772366860164 /* Debug */ = {
			isa = XCBuildConfiguration;
			buildSettings = {
				ALWAYS_SEARCH_USER_PATHS = NO;
				CLANG_ANALYZER_NONNULL = YES;
				CLANG_ANALYZER_NUMBER_OBJECT_CONVERSION = YES_AGGRESSIVE;
				CLANG_CXX_LANGUAGE_STANDARD = "gnu++14";
				CLANG_CXX_LIBRARY = "libc++";
				CLANG_ENABLE_MODULES = YES;
				CLANG_ENABLE_OBJC_ARC = YES;
				CLANG_ENABLE_OBJC_WEAK = YES;
				CLANG_WARN_BLOCK_CAPTURE_AUTORELEASING = YES;
				CLANG_WARN_BOOL_CONVERSION = YES;
				CLANG_WARN_COMMA = YES;
				CLANG_WARN_CONSTANT_CONVERSION = YES;
				CLANG_WARN_DEPRECATED_OBJC_IMPLEMENTATIONS = YES;
				CLANG_WARN_DIRECT_OBJC_ISA_USAGE = YES_ERROR;
				CLANG_WARN_DOCUMENTATION_COMMENTS = YES;
				CLANG_WARN_EMPTY_BODY = YES;
				CLANG_WARN_ENUM_CONVERSION = YES;
				CLANG_WARN_INFINITE_RECURSION = YES;
				CLANG_WARN_INT_CONVERSION = YES;
				CLANG_WARN_NON_LITERAL_NULL_CONVERSION = YES;
				CLANG_WARN_OBJC_IMPLICIT_RETAIN_SELF = YES;
				CLANG_WARN_OBJC_LITERAL_CONVERSION = YES;
				CLANG_WARN_OBJC_ROOT_CLASS = YES_ERROR;
				CLANG_WARN_QUOTED_INCLUDE_IN_FRAMEWORK_HEADER = YES;
				CLANG_WARN_RANGE_LOOP_ANALYSIS = YES;
				CLANG_WARN_STRICT_PROTOTYPES = YES;
				CLANG_WARN_SUSPICIOUS_MOVE = YES;
				CLANG_WARN_UNGUARDED_AVAILABILITY = YES_AGGRESSIVE;
				CLANG_WARN_UNREACHABLE_CODE = YES;
				CLANG_WARN__DUPLICATE_METHOD_MATCH = YES;
				CODE_SIGN_STYLE = Automatic;
				COPY_PHASE_STRIP = NO;
				DEBUG_INFORMATION_FORMAT = dwarf;
				ENABLE_STRICT_OBJC_MSGSEND = YES;
				ENABLE_TESTABILITY = YES;
				ENABLE_USER_SCRIPT_SANDBOXING = YES;
				GCC_C_LANGUAGE_STANDARD = gnu11;
				GCC_DYNAMIC_NO_PIC = NO;
				GCC_NO_COMMON_BLOCKS = YES;
				GCC_OPTIMIZATION_LEVEL = 0;
				GCC_PREPROCESSOR_DEFINITIONS = (
					"DEBUG=1",
					"$(inherited)",
				);
				GCC_WARN_64_TO_32_BIT_CONVERSION = YES;
				GCC_WARN_ABOUT_RETURN_TYPE = YES_ERROR;
				GCC_WARN_UNDECLARED_SELECTOR = YES;
				GCC_WARN_UNINITIALIZED_AUTOS = YES_AGGRESSIVE;
				GCC_WARN_UNUSED_FUNCTION = YES;
				GCC_WARN_UNUSED_VARIABLE = YES;
				IPHONEOS_DEPLOYMENT_TARGET = 26.0;
				MTL_ENABLE_DEBUG_INFO = INCLUDE_SOURCE;
				MTL_FAST_MATH = YES;
				ONLY_ACTIVE_ARCH = YES;
				PRODUCT_NAME = "$(TARGET_NAME)";
				SWIFT_ACTIVE_COMPILATION_CONDITIONS = DEBUG;
				SWIFT_OPTIMIZATION_LEVEL = "-Onone";
				SWIFT_STRICT_CONCURRENCY = complete;
				SWIFT_VERSION = 6.0;
			};
			name = Debug;
		};
		90FD5D6847B8B2CBA2D2E837 /* Release */ = {
			isa = XCBuildConfiguration;
			buildSettings = {
				ALWAYS_SEARCH_USER_PATHS = NO;
				CLANG_ANALYZER_NONNULL = YES;
				CLANG_ANALYZER_NUMBER_OBJECT_CONVERSION = YES_AGGRESSIVE;
				CLANG_CXX_LANGUAGE_STANDARD = "gnu++14";
				CLANG_CXX_LIBRARY = "libc++";
				CLANG_ENABLE_MODULES = YES;
				CLANG_ENABLE_OBJC_ARC = YES;
				CLANG_ENABLE_OBJC_WEAK = YES;
				CLANG_WARN_BLOCK_CAPTURE_AUTORELEASING = YES;
				CLANG_WARN_BOOL_CONVERSION = YES;
				CLANG_WARN_COMMA = YES;
				CLANG_WARN_CONSTANT_CONVERSION = YES;
				CLANG_WARN_DEPRECATED_OBJC_IMPLEMENTATIONS = YES;
				CLANG_WARN_DIRECT_OBJC_ISA_USAGE = YES_ERROR;
				CLANG_WARN_DOCUMENTATION_COMMENTS = YES;
				CLANG_WARN_EMPTY_BODY = YES;
				CLANG_WARN_ENUM_CONVERSION = YES;
				CLANG_WARN_INFINITE_RECURSION = YES;
				CLANG_WARN_INT_CONVERSION = YES;
				CLANG_WARN_NON_LITERAL_NULL_CONVERSION = YES;
				CLANG_WARN_OBJC_IMPLICIT_RETAIN_SELF = YES;
				CLANG_WARN_OBJC_LITERAL_CONVERSION = YES;
				CLANG_WARN_OBJC_ROOT_CLASS = YES_ERROR;
				CLANG_WARN_QUOTED_INCLUDE_IN_FRAMEWORK_HEADER = YES;
				CLANG_WARN_RANGE_LOOP_ANALYSIS = YES;
				CLANG_WARN_STRICT_PROTOTYPES = YES;
				CLANG_WARN_SUSPICIOUS_MOVE = YES;
				CLANG_WARN_UNGUARDED_AVAILABILITY = YES_AGGRESSIVE;
				CLANG_WARN_UNREACHABLE_CODE = YES;
				CLANG_WARN__DUPLICATE_METHOD_MATCH = YES;
				CODE_SIGN_STYLE = Automatic;
				COPY_PHASE_STRIP = NO;
				DEBUG_INFORMATION_FORMAT = "dwarf-with-dsym";
				ENABLE_NS_ASSERTIONS = NO;
				ENABLE_STRICT_OBJC_MSGSEND = YES;
				ENABLE_USER_SCRIPT_SANDBOXING = YES;
				GCC_C_LANGUAGE_STANDARD = gnu11;
				GCC_NO_COMMON_BLOCKS = YES;
				GCC_WARN_64_TO_32_BIT_CONVERSION = YES;
				GCC_WARN_ABOUT_RETURN_TYPE = YES_ERROR;
				GCC_WARN_UNDECLARED_SELECTOR = YES;
				GCC_WARN_UNINITIALIZED_AUTOS = YES_AGGRESSIVE;
				GCC_WARN_UNUSED_FUNCTION = YES;
				GCC_WARN_UNUSED_VARIABLE = YES;
				IPHONEOS_DEPLOYMENT_TARGET = 26.0;
				MTL_ENABLE_DEBUG_INFO = NO;
				MTL_FAST_MATH = YES;
				PRODUCT_NAME = "$(TARGET_NAME)";
				SWIFT_COMPILATION_MODE = wholemodule;
				SWIFT_OPTIMIZATION_LEVEL = "-O";
				SWIFT_STRICT_CONCURRENCY = complete;
				SWIFT_VERSION = 6.0;
			};
			name = Release;
		};
		BF7A6641D7C3D39FBB21690C /* Debug */ = {
			isa = XCBuildConfiguration;
			buildSettings = {
				ASSETCATALOG_COMPILER_APPICON_NAME = AppIcon;
				ASSETCATALOG_COMPILER_GENERATE_ASSET_SYMBOL_EXTENSIONS = YES;
				ASSETCATALOG_COMPILER_GLOBAL_ACCENT_COLOR_NAME = AccentColor;
				CLANG_ENABLE_OBJC_WEAK = NO;
				ENABLE_PREVIEWS = YES;
				GENERATE_INFOPLIST_FILE = YES;
				INFOPLIST_KEY_UIApplicationSceneManifest_Generation = YES;
				INFOPLIST_KEY_UIApplicationSupportsIndirectInputEvents = YES;
				INFOPLIST_KEY_UILaunchScreen_Generation = YES;
				INFOPLIST_KEY_UISupportedInterfaceOrientations_iPhone = "UIInterfaceOrientationPortrait UIInterfaceOrientationLandscapeLeft UIInterfaceOrientationLandscapeRight";
				IPHONEOS_DEPLOYMENT_TARGET = 26.0;
				LD_RUNPATH_SEARCH_PATHS = "$(inherited) @executable_path/Frameworks";
				PRODUCT_BUNDLE_IDENTIFIER = com.infinityball.cookconsole;
				PRODUCT_NAME = CookConsole;
				SDKROOT = iphoneos;
				TARGETED_DEVICE_FAMILY = "1,2";
			};
			name = Debug;
		};
		EF7582D81E50935318ED7DC7 /* Release */ = {
			isa = XCBuildConfiguration;
			buildSettings = {
				ASSETCATALOG_COMPILER_APPICON_NAME = AppIcon;
				ASSETCATALOG_COMPILER_GENERATE_ASSET_SYMBOL_EXTENSIONS = YES;
				ASSETCATALOG_COMPILER_GLOBAL_ACCENT_COLOR_NAME = AccentColor;
				CLANG_ENABLE_OBJC_WEAK = NO;
				ENABLE_PREVIEWS = YES;
				GENERATE_INFOPLIST_FILE = YES;
				INFOPLIST_KEY_UIApplicationSceneManifest_Generation = YES;
				INFOPLIST_KEY_UIApplicationSupportsIndirectInputEvents = YES;
				INFOPLIST_KEY_UILaunchScreen_Generation = YES;
				INFOPLIST_KEY_UISupportedInterfaceOrientations_iPhone = "UIInterfaceOrientationPortrait UIInterfaceOrientationLandscapeLeft UIInterfaceOrientationLandscapeRight";
				IPHONEOS_DEPLOYMENT_TARGET = 26.0;
				LD_RUNPATH_SEARCH_PATHS = "$(inherited) @executable_path/Frameworks";
				PRODUCT_BUNDLE_IDENTIFIER = com.infinityball.cookconsole;
				PRODUCT_NAME = CookConsole;
				SDKROOT = iphoneos;
				TARGETED_DEVICE_FAMILY = "1,2";
				VALIDATE_PRODUCT = YES;
			};
			name = Release;
		};
		F0658EDA7E3098C462BCFACA /* Debug */ = {
			isa = XCBuildConfiguration;
			buildSettings = {
				BUNDLE_LOADER = "$(TEST_HOST)";
				CLANG_ENABLE_OBJC_WEAK = NO;
				GENERATE_INFOPLIST_FILE = YES;
				IPHONEOS_DEPLOYMENT_TARGET = 26.0;
				PRODUCT_BUNDLE_IDENTIFIER = com.infinityball.cookconsole.tests;
				SDKROOT = iphoneos;
				TEST_HOST = "$(BUILT_PRODUCTS_DIR)/CookConsole.app/$(BUNDLE_EXECUTABLE_FOLDER_PATH)/CookConsole";
			};
			name = Debug;
		};
/* End XCBuildConfiguration section */

/* Begin XCConfigurationList section */
		A06D71F0A7AFCC8266C5F40D /* Build configuration list for PBXNativeTarget "CookConsole" */ = {
			isa = XCConfigurationList;
			buildConfigurations = (
				EF7582D81E50935318ED7DC7 /* Release */,
				BF7A6641D7C3D39FBB21690C /* Debug */,
			);
			defaultConfigurationIsVisible = 0;
			defaultConfigurationName = Release;
		};
		AEC4F7BFD955A3A648A8E102 /* Build configuration list for PBXProject "CookConsole" */ = {
			isa = XCConfigurationList;
			buildConfigurations = (
				79A60149D650772366860164 /* Debug */,
				90FD5D6847B8B2CBA2D2E837 /* Release */,
			);
			defaultConfigurationIsVisible = 0;
			defaultConfigurationName = Release;
		};
		BFCC154A49BBAFF75F15410F /* Build configuration list for PBXNativeTarget "CookConsoleTests" */ = {
			isa = XCConfigurationList;
			buildConfigurations = (
				553C09FEF86F41F788F4D4C3 /* Release */,
				F0658EDA7E3098C462BCFACA /* Debug */,
			);
			defaultConfigurationIsVisible = 0;
			defaultConfigurationName = Release;
		};
		E1D2D015557F10B008AE473E /* Build configuration list for PBXNativeTarget "CookConsoleUITests" */ = {
			isa = XCConfigurationList;
			buildConfigurations = (
				1892CB43224C44EB9B97077D /* Release */,
				47B4E6E3B1255A126516F34A /* Debug */,
			);
			defaultConfigurationIsVisible = 0;
			defaultConfigurationName = Release;
		};
/* End XCConfigurationList section */

/* Begin XCRemoteSwiftPackageReference section */
		28590F0CF4BE059B032975C7 /* XCRemoteSwiftPackageReference "GRDB.swift" */ = {
			isa = XCRemoteSwiftPackageReference;
			repositoryURL = "https://github.com/groue/GRDB.swift.git";
			requirement = {
				kind = revision;
				revision = b83108d10f42680d78f23fe4d4d80fc88dab3212;
			};
		};
/* End XCRemoteSwiftPackageReference section */

/* Begin XCSwiftPackageProductDependency section */
		02F101418E0D4C0D6BFF77E8 /* GRDB */ = {
			isa = XCSwiftPackageProductDependency;
			package = 28590F0CF4BE059B032975C7 /* XCRemoteSwiftPackageReference "GRDB.swift" */;
			productName = GRDB;
		};
		6E4F029DCC5621A3BD8F406D /* GRDB */ = {
			isa = XCSwiftPackageProductDependency;
			package = 28590F0CF4BE059B032975C7 /* XCRemoteSwiftPackageReference "GRDB.swift" */;
			productName = GRDB;
		};
/* End XCSwiftPackageProductDependency section */
	};
	rootObject = 98788F383659F8AD821B000B /* Project object */;
}
