// !$*UTF8*$!
{
	archiveVersion = 1;
	classes = {
	};
	objectVersion = 46;
	objects = {

/* Begin PBXBuildFile section */
		03374E282C2B671C5F1CA4CF /* GRDB in Frameworks */ = {isa = PBXBuildFile; productRef = 1ECAEFA96375412C2ADCFA66 /* GRDB */; };
		0475CB09B4D85D62EBD335FC /* CookSessionRepositoryTests.swift in Sources */ = {isa = PBXBuildFile; fileRef = 759F99CE29084458007A338E /* CookSessionRepositoryTests.swift */; };
		0896ABC95D406EDC029C3BD3 /* GRDB in Frameworks */ = {isa = PBXBuildFile; productRef = DAAB2A32B8A98811BCC4EAC7 /* GRDB */; };
		14D8D64D8E85832C2EA62A53 /* AppStore.swift in Sources */ = {isa = PBXBuildFile; fileRef = C6A89E6E8128A9F8CA550A09 /* AppStore.swift */; };
		1B5D444563C16A71CD4D585B /* ScalingEngineTests.swift in Sources */ = {isa = PBXBuildFile; fileRef = EBA00144710C40ABB8DCB8A8 /* ScalingEngineTests.swift */; };
		21C37BF7C3807E7419076858 /* PlainTextRecipeParser.swift in Sources */ = {isa = PBXBuildFile; fileRef = 56059E9688FE4E6E2FEFA0E6 /* PlainTextRecipeParser.swift */; };
		3F96EF996D97C00980569729 /* CookProgressTests.swift in Sources */ = {isa = PBXBuildFile; fileRef = AAC7DC1D750C815C4777D068 /* CookProgressTests.swift */; };
		425349FAA5C7A43037D9397F /* RecipeDatabase.swift in Sources */ = {isa = PBXBuildFile; fileRef = C93028682D607119DCDDC138 /* RecipeDatabase.swift */; };
		51035CD6A48E357942C4B2DE /* TimerNotificationScheduling.swift in Sources */ = {isa = PBXBuildFile; fileRef = 0EE75F8C48BD065422A92442 /* TimerNotificationScheduling.swift */; };
		573B8D19E3F74241E0F13DDE /* ConsoleSplitUITests.swift in Sources */ = {isa = PBXBuildFile; fileRef = 55308FEADCB77BB4E6D79D6A /* ConsoleSplitUITests.swift */; };
		590DDF63A89BC8E8E7464CFF /* AppInfoTests.swift in Sources */ = {isa = PBXBuildFile; fileRef = DAF718CBD253E2E72B7F663B /* AppInfoTests.swift */; };
		5DB30429B6A3F58AF8551CE9 /* RecipeDetailView.swift in Sources */ = {isa = PBXBuildFile; fileRef = B6BE40617C073AC839BB2C71 /* RecipeDetailView.swift */; };
		5E1B9572D964DDC46F126E3E /* RecipeWorkflowUITests.swift in Sources */ = {isa = PBXBuildFile; fileRef = 110A31453A32C3617ACBF461 /* RecipeWorkflowUITests.swift */; };
		66E273F705AE12D64CC6F416 /* TimerEngineTests.swift in Sources */ = {isa = PBXBuildFile; fileRef = F896F8F6D96BB1D9FF88E121 /* TimerEngineTests.swift */; };
		6863CCD95B4A4121485B2441 /* ContentView.swift in Sources */ = {isa = PBXBuildFile; fileRef = 86EF8C6C36C2E7DB4FCB96AB /* ContentView.swift */; };
		69E90CF326B3A9F6D8D2FB2C /* RecipeRepositoryTests.swift in Sources */ = {isa = PBXBuildFile; fileRef = 971FFEEB45A495DB22607A91 /* RecipeRepositoryTests.swift */; };
		7B1A09712748BB1E0EF3BAE2 /* RecipeLibraryView.swift in Sources */ = {isa = PBXBuildFile; fileRef = C3082748D1DFC0C1723245BF /* RecipeLibraryView.swift */; };
		7D5734DFC6331C8D90460DD2 /* PlainTextRecipeParserTests.swift in Sources */ = {isa = PBXBuildFile; fileRef = 97C5B738CC4FF65FEB790051 /* PlainTextRecipeParserTests.swift */; };
		7FD986496DBF3A1C9B089823 /* Foundation.framework in Frameworks */ = {isa = PBXBuildFile; fileRef = 19F877993F91E8E32556413F /* Foundation.framework */; };
		83ABBE62E74C7F1FEDA4D546 /* CookSession.swift in Sources */ = {isa = PBXBuildFile; fileRef = E255259943B660D792F0E6EE /* CookSession.swift */; };
		859EC3D7AE327C69BDAB0299 /* ConsoleLayoutTests.swift in Sources */ = {isa = PBXBuildFile; fileRef = 1CBE135E4F04F225C093D984 /* ConsoleLayoutTests.swift */; };
		8D6DEE4C2D9191E503237071 /* RecipeRepository.swift in Sources */ = {isa = PBXBuildFile; fileRef = ACBC6C54B72A34FA81462B74 /* RecipeRepository.swift */; };
		8DA8BBC31C101A01DDB9A42E /* LocalNotificationService.swift in Sources */ = {isa = PBXBuildFile; fileRef = EC9F6952CE99F58E583A8EEF /* LocalNotificationService.swift */; };
		8E2FA2B7402F11441297E91D /* TimerEngine.swift in Sources */ = {isa = PBXBuildFile; fileRef = 5940DC6623BA47FC0A1318DC /* TimerEngine.swift */; };
		8F0F990FC3916AAC3A7A4CB5 /* ConsoleSurface.swift in Sources */ = {isa = PBXBuildFile; fileRef = 848BD073005E3F1E0C4132CC /* ConsoleSurface.swift */; };
		90A820B50BA549DA37153A6F /* CookModeView.swift in Sources */ = {isa = PBXBuildFile; fileRef = E62A8C3E1C358D9D6C1A3F29 /* CookModeView.swift */; };
		924488CF63852C607B25215F /* Recipe.swift in Sources */ = {isa = PBXBuildFile; fileRef = 96250FDF5C13CEC170EBD721 /* Recipe.swift */; };
		96B8EBEE617D71DDF93AC5EB /* AppStoreQueryTests.swift in Sources */ = {isa = PBXBuildFile; fileRef = 2DD11F0CD7F9C9C635E4E600 /* AppStoreQueryTests.swift */; };
		9BEDEECF0A35A1A4C4996F00 /* CookTimer.swift in Sources */ = {isa = PBXBuildFile; fileRef = B4E8D3766ACFF2D750570DCC /* CookTimer.swift */; };
		9F3A2CB7BA284B151ADA737B /* RecipeDraft.swift in Sources */ = {isa = PBXBuildFile; fileRef = A8BE8DE281BB35BABDBC5C6C /* RecipeDraft.swift */; };
		A9A658C502C187647033D939 /* ScalingEngine.swift in Sources */ = {isa = PBXBuildFile; fileRef = 46DD528E582492F05284AD0D /* ScalingEngine.swift */; };
		ADF0FD8C7F9C7D8418204D7A /* ConsoleLayout.swift in Sources */ = {isa = PBXBuildFile; fileRef = 68445C647FF80ED96F82EB02 /* ConsoleLayout.swift */; };
		C046617DB68EC37C047256C3 /* RecipeEditorView.swift in Sources */ = {isa = PBXBuildFile; fileRef = 5487C30A6A0392413CBDADF8 /* RecipeEditorView.swift */; };
		C27B39225870132C0FBD719A /* AppInfo.swift in Sources */ = {isa = PBXBuildFile; fileRef = 06E744E2F0424C76B00FE06D /* AppInfo.swift */; };
		D3D54DA853976015F28B8C2C /* Foundation.framework in Frameworks */ = {isa = PBXBuildFile; fileRef = 19F877993F91E8E32556413F /* Foundation.framework */; };
		E33D1CA9A9D68E615E9F0757 /* Foundation.framework in Frameworks */ = {isa = PBXBuildFile; fileRef = 19F877993F91E8E32556413F /* Foundation.framework */; };
		E4FC6A29F96210DE4C3B2F88 /* DomainModelTests.swift in Sources */ = {isa = PBXBuildFile; fileRef = D9CBC2557652B6035BAA8AED /* DomainModelTests.swift */; };
		E7A4FE4784A9F0715AFF7B4E /* CookConsoleApp.swift in Sources */ = {isa = PBXBuildFile; fileRef = 18DEFDEB104412F0D08CDF46 /* CookConsoleApp.swift */; };
		E8C875974DAABF9EAFA485BD /* TimerRepository.swift in Sources */ = {isa = PBXBuildFile; fileRef = 25F86C70C58486AE39996F1D /* TimerRepository.swift */; };
/* End PBXBuildFile section */

/* Begin PBXContainerItemProxy section */
		96B8D1099FF3FFD148412230 /* PBXContainerItemProxy */ = {
			isa = PBXContainerItemProxy;
			containerPortal = 281EADB1DA29F56C8A5ADDA5 /* Project object */;
			proxyType = 1;
			remoteGlobalIDString = 0034227881567577E2BA2F44;
			remoteInfo = CookConsole;
		};
		A2B7EB65C70A1ACE3C727B64 /* PBXContainerItemProxy */ = {
			isa = PBXContainerItemProxy;
			containerPortal = 281EADB1DA29F56C8A5ADDA5 /* Project object */;
			proxyType = 1;
			remoteGlobalIDString = 0034227881567577E2BA2F44;
			remoteInfo = CookConsole;
		};
/* End PBXContainerItemProxy section */

/* Begin PBXFileReference section */
		06E744E2F0424C76B00FE06D /* AppInfo.swift */ = {isa = PBXFileReference; includeInIndex = 1; lastKnownFileType = sourcecode.swift; name = AppInfo.swift; path = Sources/CookConsole/AppInfo.swift; sourceTree = "<group>"; };
		0EE75F8C48BD065422A92442 /* TimerNotificationScheduling.swift */ = {isa = PBXFileReference; includeInIndex = 1; lastKnownFileType = sourcecode.swift; name = TimerNotificationScheduling.swift; path = Sources/CookConsole/Services/TimerNotificationScheduling.swift; sourceTree = "<group>"; };
		110A31453A32C3617ACBF461 /* RecipeWorkflowUITests.swift */ = {isa = PBXFileReference; includeInIndex = 1; lastKnownFileType = sourcecode.swift; name = RecipeWorkflowUITests.swift; path = Tests/CookConsoleUITests/RecipeWorkflowUITests.swift; sourceTree = "<group>"; };
		18DEFDEB104412F0D08CDF46 /* CookConsoleApp.swift */ = {isa = PBXFileReference; includeInIndex = 1; lastKnownFileType = sourcecode.swift; name = CookConsoleApp.swift; path = Sources/CookConsole/CookConsoleApp.swift; sourceTree = "<group>"; };
		19F877993F91E8E32556413F /* Foundation.framework */ = {isa = PBXFileReference; lastKnownFileType = wrapper.framework; name = Foundation.framework; path = Platforms/iPhoneOS.platform/Developer/SDKs/iPhoneOS26.0.sdk/System/Library/Frameworks/Foundation.framework; sourceTree = DEVELOPER_DIR; };
		1CBE135E4F04F225C093D984 /* ConsoleLayoutTests.swift */ = {isa = PBXFileReference; includeInIndex = 1; lastKnownFileType = sourcecode.swift; name = ConsoleLayoutTests.swift; path = Tests/CookConsoleTests/ConsoleLayoutTests.swift; sourceTree = "<group>"; };
		25F86C70C58486AE39996F1D /* TimerRepository.swift */ = {isa = PBXFileReference; includeInIndex = 1; lastKnownFileType = sourcecode.swift; name = TimerRepository.swift; path = Sources/CookConsole/Data/TimerRepository.swift; sourceTree = "<group>"; };
		27293749CA5E2E61B44599C3 /* CookConsoleTests.xctest */ = {isa = PBXFileReference; explicitFileType = wrapper.cfbundle; includeInIndex = 0; path = CookConsoleTests.xctest; sourceTree = BUILT_PRODUCTS_DIR; };
		2DD11F0CD7F9C9C635E4E600 /* AppStoreQueryTests.swift */ = {isa = PBXFileReference; includeInIndex = 1; lastKnownFileType = sourcecode.swift; name = AppStoreQueryTests.swift; path = Tests/CookConsoleTests/AppStoreQueryTests.swift; sourceTree = "<group>"; };
		46DD528E582492F05284AD0D /* ScalingEngine.swift */ = {isa = PBXFileReference; includeInIndex = 1; lastKnownFileType = sourcecode.swift; name = ScalingEngine.swift; path = Sources/CookConsole/Domain/ScalingEngine.swift; sourceTree = "<group>"; };
		5487C30A6A0392413CBDADF8 /* RecipeEditorView.swift */ = {isa = PBXFileReference; includeInIndex = 1; lastKnownFileType = sourcecode.swift; name = RecipeEditorView.swift; path = Sources/CookConsole/Features/RecipeEditorView.swift; sourceTree = "<group>"; };
		55308FEADCB77BB4E6D79D6A /* ConsoleSplitUITests.swift */ = {isa = PBXFileReference; includeInIndex = 1; lastKnownFileType = sourcecode.swift; name = ConsoleSplitUITests.swift; path = Tests/CookConsoleUITests/ConsoleSplitUITests.swift; sourceTree = "<group>"; };
		553416653FBA9753AF9BE330 /* CookConsoleUITests.xctest */ = {isa = PBXFileReference; explicitFileType = wrapper.cfbundle; includeInIndex = 0; path = CookConsoleUITests.xctest; sourceTree = BUILT_PRODUCTS_DIR; };
		56059E9688FE4E6E2FEFA0E6 /* PlainTextRecipeParser.swift */ = {isa = PBXFileReference; includeInIndex = 1; lastKnownFileType = sourcecode.swift; name = PlainTextRecipeParser.swift; path = Sources/CookConsole/Domain/PlainTextRecipeParser.swift; sourceTree = "<group>"; };
		5940DC6623BA47FC0A1318DC /* TimerEngine.swift */ = {isa = PBXFileReference; includeInIndex = 1; lastKnownFileType = sourcecode.swift; name = TimerEngine.swift; path = Sources/CookConsole/Domain/TimerEngine.swift; sourceTree = "<group>"; };
		68445C647FF80ED96F82EB02 /* ConsoleLayout.swift */ = {isa = PBXFileReference; includeInIndex = 1; lastKnownFileType = sourcecode.swift; name = ConsoleLayout.swift; path = Sources/CookConsole/Domain/ConsoleLayout.swift; sourceTree = "<group>"; };
		759F99CE29084458007A338E /* CookSessionRepositoryTests.swift */ = {isa = PBXFileReference; includeInIndex = 1; lastKnownFileType = sourcecode.swift; name = CookSessionRepositoryTests.swift; path = Tests/CookConsoleTests/CookSessionRepositoryTests.swift; sourceTree = "<group>"; };
		7A103425A9B115CB5AA67DA8 /* CookConsole.app */ = {isa = PBXFileReference; explicitFileType = wrapper.application; includeInIndex = 0; path = CookConsole.app; sourceTree = BUILT_PRODUCTS_DIR; };
		848BD073005E3F1E0C4132CC /* ConsoleSurface.swift */ = {isa = PBXFileReference; includeInIndex = 1; lastKnownFileType = sourcecode.swift; name = ConsoleSurface.swift; path = Sources/CookConsole/Features/ConsoleSurface.swift; sourceTree = "<group>"; };
		86EF8C6C36C2E7DB4FCB96AB /* ContentView.swift */ = {isa = PBXFileReference; includeInIndex = 1; lastKnownFileType = sourcecode.swift; name = ContentView.swift; path = Sources/CookConsole/ContentView.swift; sourceTree = "<group>"; };
		96250FDF5C13CEC170EBD721 /* Recipe.swift */ = {isa = PBXFileReference; includeInIndex = 1; lastKnownFileType = sourcecode.swift; name = Recipe.swift; path = Sources/CookConsole/Domain/Recipe.swift; sourceTree = "<group>"; };
		971FFEEB45A495DB22607A91 /* RecipeRepositoryTests.swift */ = {isa = PBXFileReference; includeInIndex = 1; lastKnownFileType = sourcecode.swift; name = RecipeRepositoryTests.swift; path = Tests/CookConsoleTests/RecipeRepositoryTests.swift; sourceTree = "<group>"; };
		97C5B738CC4FF65FEB790051 /* PlainTextRecipeParserTests.swift */ = {isa = PBXFileReference; includeInIndex = 1; lastKnownFileType = sourcecode.swift; name = PlainTextRecipeParserTests.swift; path = Tests/CookConsoleTests/PlainTextRecipeParserTests.swift; sourceTree = "<group>"; };
		A8BE8DE281BB35BABDBC5C6C /* RecipeDraft.swift */ = {isa = PBXFileReference; includeInIndex = 1; lastKnownFileType = sourcecode.swift; name = RecipeDraft.swift; path = Sources/CookConsole/Domain/RecipeDraft.swift; sourceTree = "<group>"; };
		AAC7DC1D750C815C4777D068 /* CookProgressTests.swift */ = {isa = PBXFileReference; includeInIndex = 1; lastKnownFileType = sourcecode.swift; name = CookProgressTests.swift; path = Tests/CookConsoleTests/CookProgressTests.swift; sourceTree = "<group>"; };
		ACBC6C54B72A34FA81462B74 /* RecipeRepository.swift */ = {isa = PBXFileReference; includeInIndex = 1; lastKnownFileType = sourcecode.swift; name = RecipeRepository.swift; path = Sources/CookConsole/Data/RecipeRepository.swift; sourceTree = "<group>"; };
		B4E8D3766ACFF2D750570DCC /* CookTimer.swift */ = {isa = PBXFileReference; includeInIndex = 1; lastKnownFileType = sourcecode.swift; name = CookTimer.swift; path = Sources/CookConsole/Domain/CookTimer.swift; sourceTree = "<group>"; };
		B6BE40617C073AC839BB2C71 /* RecipeDetailView.swift */ = {isa = PBXFileReference; includeInIndex = 1; lastKnownFileType = sourcecode.swift; name = RecipeDetailView.swift; path = Sources/CookConsole/Features/RecipeDetailView.swift; sourceTree = "<group>"; };
		C3082748D1DFC0C1723245BF /* RecipeLibraryView.swift */ = {isa = PBXFileReference; includeInIndex = 1; lastKnownFileType = sourcecode.swift; name = RecipeLibraryView.swift; path = Sources/CookConsole/Features/RecipeLibraryView.swift; sourceTree = "<group>"; };
		C6A89E6E8128A9F8CA550A09 /* AppStore.swift */ = {isa = PBXFileReference; includeInIndex = 1; lastKnownFileType = sourcecode.swift; name = AppStore.swift; path = Sources/CookConsole/Application/AppStore.swift; sourceTree = "<group>"; };
		C93028682D607119DCDDC138 /* RecipeDatabase.swift */ = {isa = PBXFileReference; includeInIndex = 1; lastKnownFileType = sourcecode.swift; name = RecipeDatabase.swift; path = Sources/CookConsole/Data/RecipeDatabase.swift; sourceTree = "<group>"; };
		D9CBC2557652B6035BAA8AED /* DomainModelTests.swift */ = {isa = PBXFileReference; includeInIndex = 1; lastKnownFileType = sourcecode.swift; name = DomainModelTests.swift; path = Tests/CookConsoleTests/DomainModelTests.swift; sourceTree = "<group>"; };
		DAF718CBD253E2E72B7F663B /* AppInfoTests.swift */ = {isa = PBXFileReference; includeInIndex = 1; lastKnownFileType = sourcecode.swift; name = AppInfoTests.swift; path = Tests/CookConsoleTests/AppInfoTests.swift; sourceTree = "<group>"; };
		E255259943B660D792F0E6EE /* CookSession.swift */ = {isa = PBXFileReference; includeInIndex = 1; lastKnownFileType = sourcecode.swift; name = CookSession.swift; path = Sources/CookConsole/Domain/CookSession.swift; sourceTree = "<group>"; };
		E62A8C3E1C358D9D6C1A3F29 /* CookModeView.swift */ = {isa = PBXFileReference; includeInIndex = 1; lastKnownFileType = sourcecode.swift; name = CookModeView.swift; path = Sources/CookConsole/Features/CookModeView.swift; sourceTree = "<group>"; };
		EBA00144710C40ABB8DCB8A8 /* ScalingEngineTests.swift */ = {isa = PBXFileReference; includeInIndex = 1; lastKnownFileType = sourcecode.swift; name = ScalingEngineTests.swift; path = Tests/CookConsoleTests/ScalingEngineTests.swift; sourceTree = "<group>"; };
		EC9F6952CE99F58E583A8EEF /* LocalNotificationService.swift */ = {isa = PBXFileReference; includeInIndex = 1; lastKnownFileType = sourcecode.swift; name = LocalNotificationService.swift; path = Sources/CookConsole/Services/LocalNotificationService.swift; sourceTree = "<group>"; };
		F896F8F6D96BB1D9FF88E121 /* TimerEngineTests.swift */ = {isa = PBXFileReference; includeInIndex = 1; lastKnownFileType = sourcecode.swift; name = TimerEngineTests.swift; path = Tests/CookConsoleTests/TimerEngineTests.swift; sourceTree = "<group>"; };
/* End PBXFileReference section */

/* Begin PBXFrameworksBuildPhase section */
		230229ECB096AC234C3C0FE3 /* Frameworks */ = {
			isa = PBXFrameworksBuildPhase;
			buildActionMask = 2147483647;
			files = (
				7FD986496DBF3A1C9B089823 /* Foundation.framework in Frameworks */,
			);
			runOnlyForDeploymentPostprocessing = 0;
		};
		A96FAB6ABAA47A6ED90D0473 /* Frameworks */ = {
			isa = PBXFrameworksBuildPhase;
			buildActionMask = 2147483647;
			files = (
				E33D1CA9A9D68E615E9F0757 /* Foundation.framework in Frameworks */,
				03374E282C2B671C5F1CA4CF /* GRDB in Frameworks */,
			);
			runOnlyForDeploymentPostprocessing = 0;
		};
		D3B6F13040A473A706B1399D /* Frameworks */ = {
			isa = PBXFrameworksBuildPhase;
			buildActionMask = 2147483647;
			files = (
				D3D54DA853976015F28B8C2C /* Foundation.framework in Frameworks */,
				0896ABC95D406EDC029C3BD3 /* GRDB in Frameworks */,
			);
			runOnlyForDeploymentPostprocessing = 0;
		};
/* End PBXFrameworksBuildPhase section */

/* Begin PBXGroup section */
		1938CDC597E20B87B80D1A38 /* Products */ = {
			isa = PBXGroup;
			children = (
				7A103425A9B115CB5AA67DA8 /* CookConsole.app */,
				27293749CA5E2E61B44599C3 /* CookConsoleTests.xctest */,
				553416653FBA9753AF9BE330 /* CookConsoleUITests.xctest */,
			);
			name = Products;
			sourceTree = "<group>";
		};
		451ACC885DD9F2D372749EFF /* Frameworks */ = {
			isa = PBXGroup;
			children = (
				6AA6214D94829BCBC1774859 /* iOS */,
			);
			name = Frameworks;
			sourceTree = "<group>";
		};
		6AA6214D94829BCBC1774859 /* iOS */ = {
			isa = PBXGroup;
			children = (
				19F877993F91E8E32556413F /* Foundation.framework */,
			);
			name = iOS;
			sourceTree = "<group>";
		};
		A461211BC384E3EFFCA39B0B = {
			isa = PBXGroup;
			children = (
				1938CDC597E20B87B80D1A38 /* Products */,
				451ACC885DD9F2D372749EFF /* Frameworks */,
				06E744E2F0424C76B00FE06D /* AppInfo.swift */,
				C6A89E6E8128A9F8CA550A09 /* AppStore.swift */,
				86EF8C6C36C2E7DB4FCB96AB /* ContentView.swift */,
				18DEFDEB104412F0D08CDF46 /* CookConsoleApp.swift */,
				C93028682D607119DCDDC138 /* RecipeDatabase.swift */,
				ACBC6C54B72A34FA81462B74 /* RecipeRepository.swift */,
				25F86C70C58486AE39996F1D /* TimerRepository.swift */,
				68445C647FF80ED96F82EB02 /* ConsoleLayout.swift */,
				E255259943B660D792F0E6EE /* CookSession.swift */,
				B4E8D3766ACFF2D750570DCC /* CookTimer.swift */,
				56059E9688FE4E6E2FEFA0E6 /* PlainTextRecipeParser.swift */,
				96250FDF5C13CEC170EBD721 /* Recipe.swift */,
				A8BE8DE281BB35BABDBC5C6C /* RecipeDraft.swift */,
				46DD528E582492F05284AD0D /* ScalingEngine.swift */,
				5940DC6623BA47FC0A1318DC /* TimerEngine.swift */,
				848BD073005E3F1E0C4132CC /* ConsoleSurface.swift */,
				E62A8C3E1C358D9D6C1A3F29 /* CookModeView.swift */,
				B6BE40617C073AC839BB2C71 /* RecipeDetailView.swift */,
				5487C30A6A0392413CBDADF8 /* RecipeEditorView.swift */,
				C3082748D1DFC0C1723245BF /* RecipeLibraryView.swift */,
				EC9F6952CE99F58E583A8EEF /* LocalNotificationService.swift */,
				0EE75F8C48BD065422A92442 /* TimerNotificationScheduling.swift */,
				DAF718CBD253E2E72B7F663B /* AppInfoTests.swift */,
				2DD11F0CD7F9C9C635E4E600 /* AppStoreQueryTests.swift */,
				1CBE135E4F04F225C093D984 /* ConsoleLayoutTests.swift */,
				AAC7DC1D750C815C4777D068 /* CookProgressTests.swift */,
				759F99CE29084458007A338E /* CookSessionRepositoryTests.swift */,
				D9CBC2557652B6035BAA8AED /* DomainModelTests.swift */,
				97C5B738CC4FF65FEB790051 /* PlainTextRecipeParserTests.swift */,
				971FFEEB45A495DB22607A91 /* RecipeRepositoryTests.swift */,
				EBA00144710C40ABB8DCB8A8 /* ScalingEngineTests.swift */,
				F896F8F6D96BB1D9FF88E121 /* TimerEngineTests.swift */,
				55308FEADCB77BB4E6D79D6A /* ConsoleSplitUITests.swift */,
				110A31453A32C3617ACBF461 /* RecipeWorkflowUITests.swift */,
			);
			sourceTree = "<group>";
		};
/* End PBXGroup section */

/* Begin PBXNativeTarget section */
		0034227881567577E2BA2F44 /* CookConsole */ = {
			isa = PBXNativeTarget;
			buildConfigurationList = BBB511241948781E85C36FE3 /* Build configuration list for PBXNativeTarget "CookConsole" */;
			buildPhases = (
				554F7656C987C7A4726E8664 /* Sources */,
				D3B6F13040A473A706B1399D /* Frameworks */,
				7726A065FAA33661D7B321CE /* Resources */,
			);
			buildRules = (
			);
			dependencies = (
			);
			name = CookConsole;
			packageProductDependencies = (
				DAAB2A32B8A98811BCC4EAC7 /* GRDB */,
			);
			productName = CookConsole;
			productReference = 7A103425A9B115CB5AA67DA8 /* CookConsole.app */;
			productType = "com.apple.product-type.application";
		};
		7FC1FCA7A618B0D4B2B2CE8C /* CookConsoleUITests */ = {
			isa = PBXNativeTarget;
			buildConfigurationList = ABFC8B2036917A60F1BBDF4D /* Build configuration list for PBXNativeTarget "CookConsoleUITests" */;
			buildPhases = (
				5127AB730A6B60CA09326ED9 /* Sources */,
				230229ECB096AC234C3C0FE3 /* Frameworks */,
				06FAD534F930BAD73B84F770 /* Resources */,
			);
			buildRules = (
			);
			dependencies = (
				D1D6D24069CA10F7430B9CB3 /* PBXTargetDependency */,
			);
			name = CookConsoleUITests;
			productName = CookConsoleUITests;
			productReference = 553416653FBA9753AF9BE330 /* CookConsoleUITests.xctest */;
			productType = "com.apple.product-type.bundle.ui-testing";
		};
		C627F6A5C93036A990AD0CEB /* CookConsoleTests */ = {
			isa = PBXNativeTarget;
			buildConfigurationList = 8FA1F688E85684C87618DEA8 /* Build configuration list for PBXNativeTarget "CookConsoleTests" */;
			buildPhases = (
				F8121D30E255A9CF592D6410 /* Sources */,
				A96FAB6ABAA47A6ED90D0473 /* Frameworks */,
				69C9F84344CD09DB559B4D55 /* Resources */,
			);
			buildRules = (
			);
			dependencies = (
				967393F2B800BA7E3EDD3F33 /* PBXTargetDependency */,
			);
			name = CookConsoleTests;
			packageProductDependencies = (
				1ECAEFA96375412C2ADCFA66 /* GRDB */,
			);
			productName = CookConsoleTests;
			productReference = 27293749CA5E2E61B44599C3 /* CookConsoleTests.xctest */;
			productType = "com.apple.product-type.bundle.unit-test";
		};
/* End PBXNativeTarget section */

/* Begin PBXProject section */
		281EADB1DA29F56C8A5ADDA5 /* Project object */ = {
			isa = PBXProject;
			attributes = {
				LastSwiftUpdateCheck = 1600;
				LastUpgradeCheck = 1600;
			};
			buildConfigurationList = 1DD1E2F7994E102FEF88166F /* Build configuration list for PBXProject "CookConsole" */;
			compatibilityVersion = "Xcode 3.2";
			developmentRegion = en;
			hasScannedForEncodings = 0;
			knownRegions = (
				en,
				Base,
			);
			mainGroup = A461211BC384E3EFFCA39B0B;
			minimizedProjectReferenceProxies = 0;
			packageReferences = (
				C94EAEAD00E657BEA1ED5338 /* XCRemoteSwiftPackageReference "GRDB.swift" */,
			);
			preferredProjectObjectVersion = 100;
			productRefGroup = 1938CDC597E20B87B80D1A38 /* Products */;
			projectDirPath = "";
			projectRoot = "";
			targets = (
				0034227881567577E2BA2F44 /* CookConsole */,
				C627F6A5C93036A990AD0CEB /* CookConsoleTests */,
				7FC1FCA7A618B0D4B2B2CE8C /* CookConsoleUITests */,
			);
		};
/* End PBXProject section */

/* Begin PBXResourcesBuildPhase section */
		06FAD534F930BAD73B84F770 /* Resources */ = {
			isa = PBXResourcesBuildPhase;
			buildActionMask = 2147483647;
			files = (
			);
			runOnlyForDeploymentPostprocessing = 0;
		};
		69C9F84344CD09DB559B4D55 /* Resources */ = {
			isa = PBXResourcesBuildPhase;
			buildActionMask = 2147483647;
			files = (
			);
			runOnlyForDeploymentPostprocessing = 0;
		};
		7726A065FAA33661D7B321CE /* Resources */ = {
			isa = PBXResourcesBuildPhase;
			buildActionMask = 2147483647;
			files = (
			);
			runOnlyForDeploymentPostprocessing = 0;
		};
/* End PBXResourcesBuildPhase section */

/* Begin PBXSourcesBuildPhase section */
		5127AB730A6B60CA09326ED9 /* Sources */ = {
			isa = PBXSourcesBuildPhase;
			buildActionMask = 2147483647;
			files = (
				573B8D19E3F74241E0F13DDE /* ConsoleSplitUITests.swift in Sources */,
				5E1B9572D964DDC46F126E3E /* RecipeWorkflowUITests.swift in Sources */,
			);
			runOnlyForDeploymentPostprocessing = 0;
		};
		554F7656C987C7A4726E8664 /* Sources */ = {
			isa = PBXSourcesBuildPhase;
			buildActionMask = 2147483647;
			files = (
				C27B39225870132C0FBD719A /* AppInfo.swift in Sources */,
				14D8D64D8E85832C2EA62A53 /* AppStore.swift in Sources */,
				6863CCD95B4A4121485B2441 /* ContentView.swift in Sources */,
				E7A4FE4784A9F0715AFF7B4E /* CookConsoleApp.swift in Sources */,
				425349FAA5C7A43037D9397F /* RecipeDatabase.swift in Sources */,
				8D6DEE4C2D9191E503237071 /* RecipeRepository.swift in Sources */,
				E8C875974DAABF9EAFA485BD /* TimerRepository.swift in Sources */,
				ADF0FD8C7F9C7D8418204D7A /* ConsoleLayout.swift in Sources */,
				83ABBE62E74C7F1FEDA4D546 /* CookSession.swift in Sources */,
				9BEDEECF0A35A1A4C4996F00 /* CookTimer.swift in Sources */,
				21C37BF7C3807E7419076858 /* PlainTextRecipeParser.swift in Sources */,
				924488CF63852C607B25215F /* Recipe.swift in Sources */,
				9F3A2CB7BA284B151ADA737B /* RecipeDraft.swift in Sources */,
				A9A658C502C187647033D939 /* ScalingEngine.swift in Sources */,
				8E2FA2B7402F11441297E91D /* TimerEngine.swift in Sources */,
				8F0F990FC3916AAC3A7A4CB5 /* ConsoleSurface.swift in Sources */,
				90A820B50BA549DA37153A6F /* CookModeView.swift in Sources */,
				5DB30429B6A3F58AF8551CE9 /* RecipeDetailView.swift in Sources */,
				C046617DB68EC37C047256C3 /* RecipeEditorView.swift in Sources */,
				7B1A09712748BB1E0EF3BAE2 /* RecipeLibraryView.swift in Sources */,
				8DA8BBC31C101A01DDB9A42E /* LocalNotificationService.swift in Sources */,
				51035CD6A48E357942C4B2DE /* TimerNotificationScheduling.swift in Sources */,
			);
			runOnlyForDeploymentPostprocessing = 0;
		};
		F8121D30E255A9CF592D6410 /* Sources */ = {
			isa = PBXSourcesBuildPhase;
			buildActionMask = 2147483647;
			files = (
				590DDF63A89BC8E8E7464CFF /* AppInfoTests.swift in Sources */,
				96B8EBEE617D71DDF93AC5EB /* AppStoreQueryTests.swift in Sources */,
				859EC3D7AE327C69BDAB0299 /* ConsoleLayoutTests.swift in Sources */,
				3F96EF996D97C00980569729 /* CookProgressTests.swift in Sources */,
				0475CB09B4D85D62EBD335FC /* CookSessionRepositoryTests.swift in Sources */,
				E4FC6A29F96210DE4C3B2F88 /* DomainModelTests.swift in Sources */,
				7D5734DFC6331C8D90460DD2 /* PlainTextRecipeParserTests.swift in Sources */,
				69E90CF326B3A9F6D8D2FB2C /* RecipeRepositoryTests.swift in Sources */,
				1B5D444563C16A71CD4D585B /* ScalingEngineTests.swift in Sources */,
				66E273F705AE12D64CC6F416 /* TimerEngineTests.swift in Sources */,
			);
			runOnlyForDeploymentPostprocessing = 0;
		};
/* End PBXSourcesBuildPhase section */

/* Begin PBXTargetDependency section */
		967393F2B800BA7E3EDD3F33 /* PBXTargetDependency */ = {
			isa = PBXTargetDependency;
			name = CookConsole;
			target = 0034227881567577E2BA2F44 /* CookConsole */;
			targetProxy = A2B7EB65C70A1ACE3C727B64 /* PBXContainerItemProxy */;
		};
		D1D6D24069CA10F7430B9CB3 /* PBXTargetDependency */ = {
			isa = PBXTargetDependency;
			name = CookConsole;
			target = 0034227881567577E2BA2F44 /* CookConsole */;
			targetProxy = 96B8D1099FF3FFD148412230 /* PBXContainerItemProxy */;
		};
/* End PBXTargetDependency section */

/* Begin XCBuildConfiguration section */
		079EAF163C60D4CF2DC41321 /* Release */ = {
			isa = XCBuildConfiguration;
			buildSettings = {
				CLANG_ENABLE_OBJC_WEAK = NO;
				GENERATE_INFOPLIST_FILE = YES;
				IPHONEOS_DEPLOYMENT_TARGET = 26.0;
				PRODUCT_BUNDLE_IDENTIFIER = com.infinityball.cookconsole.uitests;
				SDKROOT = iphoneos;
				TEST_TARGET_NAME = CookConsole;
				VALIDATE_PRODUCT = YES;
			};
			name = Release;
		};
		5ADC9359EFBFE2EC4177FE4B /* Debug */ = {
			isa = XCBuildConfiguration;
			buildSettings = {
				ASSETCATALOG_COMPILER_APPICON_NAME = AppIcon;
				ASSETCATALOG_COMPILER_GENERATE_ASSET_SYMBOL_EXTENSIONS = YES;
				ASSETCATALOG_COMPILER_GLOBAL_ACCENT_COLOR_NAME = AccentColor;
				CLANG_ENABLE_OBJC_WEAK = NO;
				ENABLE_PREVIEWS = YES;
				GENERATE_INFOPLIST_FILE = YES;
				INFOPLIST_KEY_UIApplicationSceneManifest_Generation = YES;
				INFOPLIST_KEY_UIApplicationSupportsIndirectInputEvents = YES;
				INFOPLIST_KEY_UILaunchScreen_Generation = YES;
				INFOPLIST_KEY_UISupportedInterfaceOrientations_iPhone = "UIInterfaceOrientationPortrait UIInterfaceOrientationLandscapeLeft UIInterfaceOrientationLandscapeRight";
				IPHONEOS_DEPLOYMENT_TARGET = 26.0;
				LD_RUNPATH_SEARCH_PATHS = "$(inherited) @executable_path/Frameworks";
				PRODUCT_BUNDLE_IDENTIFIER = com.infinityball.cookconsole;
				PRODUCT_NAME = CookConsole;
				SDKROOT = iphoneos;
				TARGETED_DEVICE_FAMILY = "1,2";
			};
			name = Debug;
		};
		5DDF7B0C460F8997DD5EDBB8 /* Release */ = {
			isa = XCBuildConfiguration;
			buildSettings = {
				ALWAYS_SEARCH_USER_PATHS = NO;
				CLANG_ANALYZER_NONNULL = YES;
				CLANG_ANALYZER_NUMBER_OBJECT_CONVERSION = YES_AGGRESSIVE;
				CLANG_CXX_LANGUAGE_STANDARD = "gnu++14";
				CLANG_CXX_LIBRARY = "libc++";
				CLANG_ENABLE_MODULES = YES;
				CLANG_ENABLE_OBJC_ARC = YES;
				CLANG_ENABLE_OBJC_WEAK = YES;
				CLANG_WARN_BLOCK_CAPTURE_AUTORELEASING = YES;
				CLANG_WARN_BOOL_CONVERSION = YES;
				CLANG_WARN_COMMA = YES;
				CLANG_WARN_CONSTANT_CONVERSION = YES;
				CLANG_WARN_DEPRECATED_OBJC_IMPLEMENTATIONS = YES;
				CLANG_WARN_DIRECT_OBJC_ISA_USAGE = YES_ERROR;
				CLANG_WARN_DOCUMENTATION_COMMENTS = YES;
				CLANG_WARN_EMPTY_BODY = YES;
				CLANG_WARN_ENUM_CONVERSION = YES;
				CLANG_WARN_INFINITE_RECURSION = YES;
				CLANG_WARN_INT_CONVERSION = YES;
				CLANG_WARN_NON_LITERAL_NULL_CONVERSION = YES;
				CLANG_WARN_OBJC_IMPLICIT_RETAIN_SELF = YES;
				CLANG_WARN_OBJC_LITERAL_CONVERSION = YES;
				CLANG_WARN_OBJC_ROOT_CLASS = YES_ERROR;
				CLANG_WARN_QUOTED_INCLUDE_IN_FRAMEWORK_HEADER = YES;
				CLANG_WARN_RANGE_LOOP_ANALYSIS = YES;
				CLANG_WARN_STRICT_PROTOTYPES = YES;
				CLANG_WARN_SUSPICIOUS_MOVE = YES;
				CLANG_WARN_UNGUARDED_AVAILABILITY = YES_AGGRESSIVE;
				CLANG_WARN_UNREACHABLE_CODE = YES;
				CLANG_WARN__DUPLICATE_METHOD_MATCH = YES;
				CODE_SIGN_STYLE = Automatic;
				COPY_PHASE_STRIP = NO;
				DEBUG_INFORMATION_FORMAT = "dwarf-with-dsym";
				ENABLE_NS_ASSERTIONS = NO;
				ENABLE_STRICT_OBJC_MSGSEND = YES;
				ENABLE_USER_SCRIPT_SANDBOXING = YES;
				GCC_C_LANGUAGE_STANDARD = gnu11;
				GCC_NO_COMMON_BLOCKS = YES;
				GCC_WARN_64_TO_32_BIT_CONVERSION = YES;
				GCC_WARN_ABOUT_RETURN_TYPE = YES_ERROR;
				GCC_WARN_UNDECLARED_SELECTOR = YES;
				GCC_WARN_UNINITIALIZED_AUTOS = YES_AGGRESSIVE;
				GCC_WARN_UNUSED_FUNCTION = YES;
				GCC_WARN_UNUSED_VARIABLE = YES;
				IPHONEOS_DEPLOYMENT_TARGET = 26.0;
				MTL_ENABLE_DEBUG_INFO = NO;
				MTL_FAST_MATH = YES;
				PRODUCT_NAME = "$(TARGET_NAME)";
				SWIFT_COMPILATION_MODE = wholemodule;
				SWIFT_OPTIMIZATION_LEVEL = "-O";
				SWIFT_STRICT_CONCURRENCY = complete;
				SWIFT_VERSION = 6.0;
			};
			name = Release;
		};
		804703029F69DC51FD72532D /* Debug */ = {
			isa = XCBuildConfiguration;
			buildSettings = {
				BUNDLE_LOADER = "$(TEST_HOST)";
				CLANG_ENABLE_OBJC_WEAK = NO;
				GENERATE_INFOPLIST_FILE = YES;
				IPHONEOS_DEPLOYMENT_TARGET = 26.0;
				PRODUCT_BUNDLE_IDENTIFIER = com.infinityball.cookconsole.tests;
				SDKROOT = iphoneos;
				TEST_HOST = "$(BUILT_PRODUCTS_DIR)/CookConsole.app/$(BUNDLE_EXECUTABLE_FOLDER_PATH)/CookConsole";
			};
			name = Debug;
		};
		8F64B8EE052AD5AE484FD332 /* Debug */ = {
			isa = XCBuildConfiguration;
			buildSettings = {
				ALWAYS_SEARCH_USER_PATHS = NO;
				CLANG_ANALYZER_NONNULL = YES;
				CLANG_ANALYZER_NUMBER_OBJECT_CONVERSION = YES_AGGRESSIVE;
				CLANG_CXX_LANGUAGE_STANDARD = "gnu++14";
				CLANG_CXX_LIBRARY = "libc++";
				CLANG_ENABLE_MODULES = YES;
				CLANG_ENABLE_OBJC_ARC = YES;
				CLANG_ENABLE_OBJC_WEAK = YES;
				CLANG_WARN_BLOCK_CAPTURE_AUTORELEASING = YES;
				CLANG_WARN_BOOL_CONVERSION = YES;
				CLANG_WARN_COMMA = YES;
				CLANG_WARN_CONSTANT_CONVERSION = YES;
				CLANG_WARN_DEPRECATED_OBJC_IMPLEMENTATIONS = YES;
				CLANG_WARN_DIRECT_OBJC_ISA_USAGE = YES_ERROR;
				CLANG_WARN_DOCUMENTATION_COMMENTS = YES;
				CLANG_WARN_EMPTY_BODY = YES;
				CLANG_WARN_ENUM_CONVERSION = YES;
				CLANG_WARN_INFINITE_RECURSION = YES;
				CLANG_WARN_INT_CONVERSION = YES;
				CLANG_WARN_NON_LITERAL_NULL_CONVERSION = YES;
				CLANG_WARN_OBJC_IMPLICIT_RETAIN_SELF = YES;
				CLANG_WARN_OBJC_LITERAL_CONVERSION = YES;
				CLANG_WARN_OBJC_ROOT_CLASS = YES_ERROR;
				CLANG_WARN_QUOTED_INCLUDE_IN_FRAMEWORK_HEADER = YES;
				CLANG_WARN_RANGE_LOOP_ANALYSIS = YES;
				CLANG_WARN_STRICT_PROTOTYPES = YES;
				CLANG_WARN_SUSPICIOUS_MOVE = YES;
				CLANG_WARN_UNGUARDED_AVAILABILITY = YES_AGGRESSIVE;
				CLANG_WARN_UNREACHABLE_CODE = YES;
				CLANG_WARN__DUPLICATE_METHOD_MATCH = YES;
				CODE_SIGN_STYLE = Automatic;
				COPY_PHASE_STRIP = NO;
				DEBUG_INFORMATION_FORMAT = dwarf;
				ENABLE_STRICT_OBJC_MSGSEND = YES;
				ENABLE_TESTABILITY = YES;
				ENABLE_USER_SCRIPT_SANDBOXING = YES;
				GCC_C_LANGUAGE_STANDARD = gnu11;
				GCC_DYNAMIC_NO_PIC = NO;
				GCC_NO_COMMON_BLOCKS = YES;
				GCC_OPTIMIZATION_LEVEL = 0;
				GCC_PREPROCESSOR_DEFINITIONS = (
					"DEBUG=1",
					"$(inherited)",
				);
				GCC_WARN_64_TO_32_BIT_CONVERSION = YES;
				GCC_WARN_ABOUT_RETURN_TYPE = YES_ERROR;
				GCC_WARN_UNDECLARED_SELECTOR = YES;
				GCC_WARN_UNINITIALIZED_AUTOS = YES_AGGRESSIVE;
				GCC_WARN_UNUSED_FUNCTION = YES;
				GCC_WARN_UNUSED_VARIABLE = YES;
				IPHONEOS_DEPLOYMENT_TARGET = 26.0;
				MTL_ENABLE_DEBUG_INFO = INCLUDE_SOURCE;
				MTL_FAST_MATH = YES;
				ONLY_ACTIVE_ARCH = YES;
				PRODUCT_NAME = "$(TARGET_NAME)";
				SWIFT_ACTIVE_COMPILATION_CONDITIONS = DEBUG;
				SWIFT_OPTIMIZATION_LEVEL = "-Onone";
				SWIFT_STRICT_CONCURRENCY = complete;
				SWIFT_VERSION = 6.0;
			};
			name = Debug;
		};
		C3B6B8EE549A4D7F15369C28 /* Release */ = {
			isa = XCBuildConfiguration;
			buildSettings = {
				ASSETCATALOG_COMPILER_APPICON_NAME = AppIcon;
				ASSETCATALOG_COMPILER_GENERATE_ASSET_SYMBOL_EXTENSIONS = YES;
				ASSETCATALOG_COMPILER_GLOBAL_ACCENT_COLOR_NAME = AccentColor;
				CLANG_ENABLE_OBJC_WEAK = NO;
				ENABLE_PREVIEWS = YES;
				GENERATE_INFOPLIST_FILE = YES;
				INFOPLIST_KEY_UIApplicationSceneManifest_Generation = YES;
				INFOPLIST_KEY_UIApplicationSupportsIndirectInputEvents = YES;
				INFOPLIST_KEY_UILaunchScreen_Generation = YES;
				INFOPLIST_KEY_UISupportedInterfaceOrientations_iPhone = "UIInterfaceOrientationPortrait UIInterfaceOrientationLandscapeLeft UIInterfaceOrientationLandscapeRight";
				IPHONEOS_DEPLOYMENT_TARGET = 26.0;
				LD_RUNPATH_SEARCH_PATHS = "$(inherited) @executable_path/Frameworks";
				PRODUCT_BUNDLE_IDENTIFIER = com.infinityball.cookconsole;
				PRODUCT_NAME = CookConsole;
				SDKROOT = iphoneos;
				TARGETED_DEVICE_FAMILY = "1,2";
				VALIDATE_PRODUCT = YES;
			};
			name = Release;
		};
		CA8403C8B8C0A1E518EF72AD /* Debug */ = {
			isa = XCBuildConfiguration;
			buildSettings = {
				CLANG_ENABLE_OBJC_WEAK = NO;
				GENERATE_INFOPLIST_FILE = YES;
				IPHONEOS_DEPLOYMENT_TARGET = 26.0;
				PRODUCT_BUNDLE_IDENTIFIER = com.infinityball.cookconsole.uitests;
				SDKROOT = iphoneos;
				TEST_TARGET_NAME = CookConsole;
			};
			name = Debug;
		};
		D00EC174517E3003432813C1 /* Release */ = {
			isa = XCBuildConfiguration;
			buildSettings = {
				BUNDLE_LOADER = "$(TEST_HOST)";
				CLANG_ENABLE_OBJC_WEAK = NO;
				GENERATE_INFOPLIST_FILE = YES;
				IPHONEOS_DEPLOYMENT_TARGET = 26.0;
				PRODUCT_BUNDLE_IDENTIFIER = com.infinityball.cookconsole.tests;
				SDKROOT = iphoneos;
				TEST_HOST = "$(BUILT_PRODUCTS_DIR)/CookConsole.app/$(BUNDLE_EXECUTABLE_FOLDER_PATH)/CookConsole";
				VALIDATE_PRODUCT = YES;
			};
			name = Release;
		};
/* End XCBuildConfiguration section */

/* Begin XCConfigurationList section */
		1DD1E2F7994E102FEF88166F /* Build configuration list for PBXProject "CookConsole" */ = {
			isa = XCConfigurationList;
			buildConfigurations = (
				8F64B8EE052AD5AE484FD332 /* Debug */,
				5DDF7B0C460F8997DD5EDBB8 /* Release */,
			);
			defaultConfigurationIsVisible = 0;
			defaultConfigurationName = Release;
		};
		8FA1F688E85684C87618DEA8 /* Build configuration list for PBXNativeTarget "CookConsoleTests" */ = {
			isa = XCConfigurationList;
			buildConfigurations = (
				D00EC174517E3003432813C1 /* Release */,
				804703029F69DC51FD72532D /* Debug */,
			);
			defaultConfigurationIsVisible = 0;
			defaultConfigurationName = Release;
		};
		ABFC8B2036917A60F1BBDF4D /* Build configuration list for PBXNativeTarget "CookConsoleUITests" */ = {
			isa = XCConfigurationList;
			buildConfigurations = (
				079EAF163C60D4CF2DC41321 /* Release */,
				CA8403C8B8C0A1E518EF72AD /* Debug */,
			);
			defaultConfigurationIsVisible = 0;
			defaultConfigurationName = Release;
		};
		BBB511241948781E85C36FE3 /* Build configuration list for PBXNativeTarget "CookConsole" */ = {
			isa = XCConfigurationList;
			buildConfigurations = (
				C3B6B8EE549A4D7F15369C28 /* Release */,
				5ADC9359EFBFE2EC4177FE4B /* Debug */,
			);
			defaultConfigurationIsVisible = 0;
			defaultConfigurationName = Release;
		};
/* End XCConfigurationList section */

/* Begin XCRemoteSwiftPackageReference section */
		C94EAEAD00E657BEA1ED5338 /* XCRemoteSwiftPackageReference "GRDB.swift" */ = {
			isa = XCRemoteSwiftPackageReference;
			repositoryURL = "https://github.com/groue/GRDB.swift.git";
			requirement = {
				kind = revision;
				revision = b83108d10f42680d78f23fe4d4d80fc88dab3212;
			};
		};
/* End XCRemoteSwiftPackageReference section */

/* Begin XCSwiftPackageProductDependency section */
		1ECAEFA96375412C2ADCFA66 /* GRDB */ = {
			isa = XCSwiftPackageProductDependency;
			package = C94EAEAD00E657BEA1ED5338 /* XCRemoteSwiftPackageReference "GRDB.swift" */;
			productName = GRDB;
		};
		DAAB2A32B8A98811BCC4EAC7 /* GRDB */ = {
			isa = XCSwiftPackageProductDependency;
			package = C94EAEAD00E657BEA1ED5338 /* XCRemoteSwiftPackageReference "GRDB.swift" */;
			productName = GRDB;
		};
/* End XCSwiftPackageProductDependency section */
	};
	rootObject = 281EADB1DA29F56C8A5ADDA5 /* Project object */;
}
