// !$*UTF8*$!
{
	archiveVersion = 1;
	classes = {
	};
	objectVersion = 46;
	objects = {

/* Begin PBXBuildFile section */
		09CBFFEB1983D804B0138239 /* TimerNarrationTests.swift in Sources */ = {isa = PBXBuildFile; fileRef = 6E88875E434D337D1EF79C8B /* TimerNarrationTests.swift */; };
		0ED56FBEF247EB97D02BE58A /* AppInfoTests.swift in Sources */ = {isa = PBXBuildFile; fileRef = 5FAF358D9A62B383BA98C602 /* AppInfoTests.swift */; };
		18F80C257930464A779EE7B3 /* GRDB in Frameworks */ = {isa = PBXBuildFile; productRef = 5FCDB866E4E75AE58113F0C8 /* GRDB */; };
		19B967031EE0A9778790BCE6 /* AppStoreQueryTests.swift in Sources */ = {isa = PBXBuildFile; fileRef = 73A3DF1076B55FC8E1DC8307 /* AppStoreQueryTests.swift */; };
		1B174A67FF555120FA0E3D2D /* DataTransferService.swift in Sources */ = {isa = PBXBuildFile; fileRef = 994F8F7AC8D3956610EC420F /* DataTransferService.swift */; };
		1B1F60EAD396F42F0D6EE900 /* Foundation.framework in Frameworks */ = {isa = PBXBuildFile; fileRef = 4945733343026C1A34EF9D22 /* Foundation.framework */; };
		1C2BA0AA580AD2B90936FE91 /* DomainModelTests.swift in Sources */ = {isa = PBXBuildFile; fileRef = 90F572EB6DEDFCE05D24ACEA /* DomainModelTests.swift */; };
		2A5B90765333198A8EB514EC /* YourDataView.swift in Sources */ = {isa = PBXBuildFile; fileRef = CF1D5A28BAD26322ABB62F55 /* YourDataView.swift */; };
		2D53E2815BDD3854BB5ED81B /* PlainTextRecipeParserTests.swift in Sources */ = {isa = PBXBuildFile; fileRef = C0640DD914ACC8F2669E8B55 /* PlainTextRecipeParserTests.swift */; };
		326BB20C4CF24982D8C57337 /* CookSession.swift in Sources */ = {isa = PBXBuildFile; fileRef = 57702934D435B2CC7539B42E /* CookSession.swift */; };
		36D41F00771BCA2D8F04B928 /* Foundation.framework in Frameworks */ = {isa = PBXBuildFile; fileRef = 4945733343026C1A34EF9D22 /* Foundation.framework */; };
		4244E307EA90AAEBB5643B49 /* CookProgressTests.swift in Sources */ = {isa = PBXBuildFile; fileRef = B368034E76BCBC6B42E841C7 /* CookProgressTests.swift */; };
		4A473564AA1518D9183ED666 /* CookModeView.swift in Sources */ = {isa = PBXBuildFile; fileRef = AACB91E9A397B771E52E3C59 /* CookModeView.swift */; };
		516340463F1357AE57EAB692 /* AccessibilityUITests.swift in Sources */ = {isa = PBXBuildFile; fileRef = 320F96E248BB290D4963EBDF /* AccessibilityUITests.swift */; };
		5865600C793F34CB0AEB0ECB /* Assets.xcassets in Resources */ = {isa = PBXBuildFile; fileRef = D8C519F06A581C5C5C123A54 /* Assets.xcassets */; };
		5FF882DAC8182550C48A451A /* ScalingEngine.swift in Sources */ = {isa = PBXBuildFile; fileRef = 74F4EF68E4016ED097E0AA8E /* ScalingEngine.swift */; };
		661ED916F09F8E5A92EB1E54 /* CookConsoleApp.swift in Sources */ = {isa = PBXBuildFile; fileRef = 97845F6FDBFB892C6A0DDB6C /* CookConsoleApp.swift */; };
		69FCACF0786052C2A71F622D /* ConsoleSurface.swift in Sources */ = {isa = PBXBuildFile; fileRef = F187EBF95B4E48D72C898BBB /* ConsoleSurface.swift */; };
		79F548084D7C5AAB80DD661D /* ScalingEngineTests.swift in Sources */ = {isa = PBXBuildFile; fileRef = 4317FDC9ECEF000DDD2B5DC0 /* ScalingEngineTests.swift */; };
		7B89490F9105611538798B34 /* Recipe.swift in Sources */ = {isa = PBXBuildFile; fileRef = 9DF8DFB93E07189C75D69BFA /* Recipe.swift */; };
		7BE50D706F34AD4243D9AAB9 /* AppInfo.swift in Sources */ = {isa = PBXBuildFile; fileRef = BB56A6DFBAA46EF734F555BF /* AppInfo.swift */; };
		7C64EDD958B9C3D304315224 /* RecipeDatabase.swift in Sources */ = {isa = PBXBuildFile; fileRef = DDD3DC121521FC84D59B6A9E /* RecipeDatabase.swift */; };
		7DE285CA4EB667A5EC364385 /* RecipeRepositoryTests.swift in Sources */ = {isa = PBXBuildFile; fileRef = 3CDD30C66936C3C3B3ED65CF /* RecipeRepositoryTests.swift */; };
		7E947AB2F355FB73DA282BD8 /* RecipeLibraryView.swift in Sources */ = {isa = PBXBuildFile; fileRef = 07C942AC9E9DD30432C6BB91 /* RecipeLibraryView.swift */; };
		843787416DF1C205EC464246 /* PlainTextRecipeParser.swift in Sources */ = {isa = PBXBuildFile; fileRef = 2FF3C48108F674D1D6382254 /* PlainTextRecipeParser.swift */; };
		847A335921A531C63902F214 /* RecipeWorkflowUITests.swift in Sources */ = {isa = PBXBuildFile; fileRef = 836A8AE28206DE82A7B44462 /* RecipeWorkflowUITests.swift */; };
		A8965F5236584FB956942C55 /* TimerNotificationScheduling.swift in Sources */ = {isa = PBXBuildFile; fileRef = 31DE2ADA6C2B91F4AEB53605 /* TimerNotificationScheduling.swift */; };
		AC74A3BFD7F354D6306AEA40 /* ConsoleLayoutTests.swift in Sources */ = {isa = PBXBuildFile; fileRef = 7D38D04DF3BC12BEBBD3BD4F /* ConsoleLayoutTests.swift */; };
		B0AE721CDD7226D54BE6870D /* LocalNotificationService.swift in Sources */ = {isa = PBXBuildFile; fileRef = B6A82C404859CAB05778121D /* LocalNotificationService.swift */; };
		B28CAD02C9807CF6243DF50B /* DataTransferServiceTests.swift in Sources */ = {isa = PBXBuildFile; fileRef = DF1B59B2D6AC7BA094ACEC89 /* DataTransferServiceTests.swift */; };
		CB23D7E0DD217C78D5F03C39 /* TimerEngineTests.swift in Sources */ = {isa = PBXBuildFile; fileRef = BFB1EFF4FDFD08FB5371693B /* TimerEngineTests.swift */; };
		CB42353B9CFD6260E2560E6F /* ConsoleLayout.swift in Sources */ = {isa = PBXBuildFile; fileRef = BC9E3EF93223ED6B27137E62 /* ConsoleLayout.swift */; };
		CE6C43E9C2AA69DF5E0FB786 /* RecipeDraft.swift in Sources */ = {isa = PBXBuildFile; fileRef = 32BE8690757EE2B75A6FE6C6 /* RecipeDraft.swift */; };
		D31454205D34F88E91058E4C /* Foundation.framework in Frameworks */ = {isa = PBXBuildFile; fileRef = 4945733343026C1A34EF9D22 /* Foundation.framework */; };
		D4B6E44D4578C4900DE249AD /* ConsoleSplitUITests.swift in Sources */ = {isa = PBXBuildFile; fileRef = 58C278FED7DF1564648CF6EC /* ConsoleSplitUITests.swift */; };
		D601CA6EA0A8A30DB8E54757 /* GRDB in Frameworks */ = {isa = PBXBuildFile; productRef = F555F6E8BCA2BB4BC491F062 /* GRDB */; };
		D6EDA9505FFD13CDF91A20B5 /* RecipeDetailView.swift in Sources */ = {isa = PBXBuildFile; fileRef = 4AAE6B8F82DBEFAE14301BF8 /* RecipeDetailView.swift */; };
		D71F0AF3F721F7BC5A80463D /* TimerStatePalette.swift in Sources */ = {isa = PBXBuildFile; fileRef = 9FA947FDD478AC1B85DAFCF8 /* TimerStatePalette.swift */; };
		DD034E80B09FE21BE7145B9B /* AppStore.swift in Sources */ = {isa = PBXBuildFile; fileRef = 47254B713A31B9EEA20ED91D /* AppStore.swift */; };
		E288A3745B3F1718549FBC33 /* VersioningTests.swift in Sources */ = {isa = PBXBuildFile; fileRef = E296BA4AFCFAA96FE28F03C9 /* VersioningTests.swift */; };
		E37087BCD7A324969B250538 /* RecipeEditorView.swift in Sources */ = {isa = PBXBuildFile; fileRef = DD800AD9A7F74A148CDCA9DA /* RecipeEditorView.swift */; };
		E41EEC764B119F3D829E3014 /* CookHaptics.swift in Sources */ = {isa = PBXBuildFile; fileRef = E9DCAE5923AB2E077ADCF4FD /* CookHaptics.swift */; };
		EBCAEE1D350E189A1F89B735 /* TimerNarration.swift in Sources */ = {isa = PBXBuildFile; fileRef = 14D7F61F47E8C8FE9444C508 /* TimerNarration.swift */; };
		ED07EE915F62276B91E6BE74 /* RecipeRepository.swift in Sources */ = {isa = PBXBuildFile; fileRef = 9AF1791A3D872548F19425E0 /* RecipeRepository.swift */; };
		EFE70BB3D980B56AF2A3491B /* TimerEngine.swift in Sources */ = {isa = PBXBuildFile; fileRef = 9774FBB3DD5CEEBCEB613F63 /* TimerEngine.swift */; };
		F73D787939BB50C1E4AD4B01 /* ContentView.swift in Sources */ = {isa = PBXBuildFile; fileRef = 702C6D924E595B83EAE284A0 /* ContentView.swift */; };
		FAEDAC6CE04192959BC7E934 /* TimerRepository.swift in Sources */ = {isa = PBXBuildFile; fileRef = A00B6B12F1A823513AA153A6 /* TimerRepository.swift */; };
		FB0459F8CA3A1DC6D6063646 /* DataOwnershipUITests.swift in Sources */ = {isa = PBXBuildFile; fileRef = 17F1A46E2C0A4BD08FDABD66 /* DataOwnershipUITests.swift */; };
		FC530069F061ABD0905FBB4E /* CookSessionRepositoryTests.swift in Sources */ = {isa = PBXBuildFile; fileRef = DD8BCCECB32B5BA01C23FCD3 /* CookSessionRepositoryTests.swift */; };
		FF9425AD3AAC426B60183B2D /* CookTimer.swift in Sources */ = {isa = PBXBuildFile; fileRef = B5E55D56E53A44668D1E87E9 /* CookTimer.swift */; };
/* End PBXBuildFile section */

/* Begin PBXContainerItemProxy section */
		1EBE8D88C8AEA5F1045FB0D8 /* PBXContainerItemProxy */ = {
			isa = PBXContainerItemProxy;
			containerPortal = F234C47023C07F5D36512651 /* Project object */;
			proxyType = 1;
			remoteGlobalIDString = 6ED0469E8EA2A1790EF99221;
			remoteInfo = CookConsole;
		};
		A02FFB5F436B725740F055AE /* PBXContainerItemProxy */ = {
			isa = PBXContainerItemProxy;
			containerPortal = F234C47023C07F5D36512651 /* Project object */;
			proxyType = 1;
			remoteGlobalIDString = 6ED0469E8EA2A1790EF99221;
			remoteInfo = CookConsole;
		};
/* End PBXContainerItemProxy section */

/* Begin PBXFileReference section */
		07C942AC9E9DD30432C6BB91 /* RecipeLibraryView.swift */ = {isa = PBXFileReference; includeInIndex = 1; lastKnownFileType = sourcecode.swift; name = RecipeLibraryView.swift; path = Sources/CookConsole/Features/RecipeLibraryView.swift; sourceTree = "<group>"; };
		14D7F61F47E8C8FE9444C508 /* TimerNarration.swift */ = {isa = PBXFileReference; includeInIndex = 1; lastKnownFileType = sourcecode.swift; name = TimerNarration.swift; path = Sources/CookConsole/Domain/TimerNarration.swift; sourceTree = "<group>"; };
		17F1A46E2C0A4BD08FDABD66 /* DataOwnershipUITests.swift */ = {isa = PBXFileReference; includeInIndex = 1; lastKnownFileType = sourcecode.swift; name = DataOwnershipUITests.swift; path = Tests/CookConsoleUITests/DataOwnershipUITests.swift; sourceTree = "<group>"; };
		2FF3C48108F674D1D6382254 /* PlainTextRecipeParser.swift */ = {isa = PBXFileReference; includeInIndex = 1; lastKnownFileType = sourcecode.swift; name = PlainTextRecipeParser.swift; path = Sources/CookConsole/Domain/PlainTextRecipeParser.swift; sourceTree = "<group>"; };
		31DE2ADA6C2B91F4AEB53605 /* TimerNotificationScheduling.swift */ = {isa = PBXFileReference; includeInIndex = 1; lastKnownFileType = sourcecode.swift; name = TimerNotificationScheduling.swift; path = Sources/CookConsole/Services/TimerNotificationScheduling.swift; sourceTree = "<group>"; };
		320F96E248BB290D4963EBDF /* AccessibilityUITests.swift */ = {isa = PBXFileReference; includeInIndex = 1; lastKnownFileType = sourcecode.swift; name = AccessibilityUITests.swift; path = Tests/CookConsoleUITests/AccessibilityUITests.swift; sourceTree = "<group>"; };
		32BE8690757EE2B75A6FE6C6 /* RecipeDraft.swift */ = {isa = PBXFileReference; includeInIndex = 1; lastKnownFileType = sourcecode.swift; name = RecipeDraft.swift; path = Sources/CookConsole/Domain/RecipeDraft.swift; sourceTree = "<group>"; };
		3CDD30C66936C3C3B3ED65CF /* RecipeRepositoryTests.swift */ = {isa = PBXFileReference; includeInIndex = 1; lastKnownFileType = sourcecode.swift; name = RecipeRepositoryTests.swift; path = Tests/CookConsoleTests/RecipeRepositoryTests.swift; sourceTree = "<group>"; };
		4317FDC9ECEF000DDD2B5DC0 /* ScalingEngineTests.swift */ = {isa = PBXFileReference; includeInIndex = 1; lastKnownFileType = sourcecode.swift; name = ScalingEngineTests.swift; path = Tests/CookConsoleTests/ScalingEngineTests.swift; sourceTree = "<group>"; };
		47254B713A31B9EEA20ED91D /* AppStore.swift */ = {isa = PBXFileReference; includeInIndex = 1; lastKnownFileType = sourcecode.swift; name = AppStore.swift; path = Sources/CookConsole/Application/AppStore.swift; sourceTree = "<group>"; };
		4945733343026C1A34EF9D22 /* Foundation.framework */ = {isa = PBXFileReference; lastKnownFileType = wrapper.framework; name = Foundation.framework; path = Platforms/iPhoneOS.platform/Developer/SDKs/iPhoneOS26.0.sdk/System/Library/Frameworks/Foundation.framework; sourceTree = DEVELOPER_DIR; };
		4AAE6B8F82DBEFAE14301BF8 /* RecipeDetailView.swift */ = {isa = PBXFileReference; includeInIndex = 1; lastKnownFileType = sourcecode.swift; name = RecipeDetailView.swift; path = Sources/CookConsole/Features/RecipeDetailView.swift; sourceTree = "<group>"; };
		57702934D435B2CC7539B42E /* CookSession.swift */ = {isa = PBXFileReference; includeInIndex = 1; lastKnownFileType = sourcecode.swift; name = CookSession.swift; path = Sources/CookConsole/Domain/CookSession.swift; sourceTree = "<group>"; };
		58C278FED7DF1564648CF6EC /* ConsoleSplitUITests.swift */ = {isa = PBXFileReference; includeInIndex = 1; lastKnownFileType = sourcecode.swift; name = ConsoleSplitUITests.swift; path = Tests/CookConsoleUITests/ConsoleSplitUITests.swift; sourceTree = "<group>"; };
		5FAF358D9A62B383BA98C602 /* AppInfoTests.swift */ = {isa = PBXFileReference; includeInIndex = 1; lastKnownFileType = sourcecode.swift; name = AppInfoTests.swift; path = Tests/CookConsoleTests/AppInfoTests.swift; sourceTree = "<group>"; };
		6E88875E434D337D1EF79C8B /* TimerNarrationTests.swift */ = {isa = PBXFileReference; includeInIndex = 1; lastKnownFileType = sourcecode.swift; name = TimerNarrationTests.swift; path = Tests/CookConsoleTests/TimerNarrationTests.swift; sourceTree = "<group>"; };
		702C6D924E595B83EAE284A0 /* ContentView.swift */ = {isa = PBXFileReference; includeInIndex = 1; lastKnownFileType = sourcecode.swift; name = ContentView.swift; path = Sources/CookConsole/ContentView.swift; sourceTree = "<group>"; };
		73A3DF1076B55FC8E1DC8307 /* AppStoreQueryTests.swift */ = {isa = PBXFileReference; includeInIndex = 1; lastKnownFileType = sourcecode.swift; name = AppStoreQueryTests.swift; path = Tests/CookConsoleTests/AppStoreQueryTests.swift; sourceTree = "<group>"; };
		74F4EF68E4016ED097E0AA8E /* ScalingEngine.swift */ = {isa = PBXFileReference; includeInIndex = 1; lastKnownFileType = sourcecode.swift; name = ScalingEngine.swift; path = Sources/CookConsole/Domain/ScalingEngine.swift; sourceTree = "<group>"; };
		7D38D04DF3BC12BEBBD3BD4F /* ConsoleLayoutTests.swift */ = {isa = PBXFileReference; includeInIndex = 1; lastKnownFileType = sourcecode.swift; name = ConsoleLayoutTests.swift; path = Tests/CookConsoleTests/ConsoleLayoutTests.swift; sourceTree = "<group>"; };
		836A8AE28206DE82A7B44462 /* RecipeWorkflowUITests.swift */ = {isa = PBXFileReference; includeInIndex = 1; lastKnownFileType = sourcecode.swift; name = RecipeWorkflowUITests.swift; path = Tests/CookConsoleUITests/RecipeWorkflowUITests.swift; sourceTree = "<group>"; };
		90F572EB6DEDFCE05D24ACEA /* DomainModelTests.swift */ = {isa = PBXFileReference; includeInIndex = 1; lastKnownFileType = sourcecode.swift; name = DomainModelTests.swift; path = Tests/CookConsoleTests/DomainModelTests.swift; sourceTree = "<group>"; };
		9529B4A10D353D9FAE7DE191 /* CookConsole.app */ = {isa = PBXFileReference; explicitFileType = wrapper.application; includeInIndex = 0; path = CookConsole.app; sourceTree = BUILT_PRODUCTS_DIR; };
		9774FBB3DD5CEEBCEB613F63 /* TimerEngine.swift */ = {isa = PBXFileReference; includeInIndex = 1; lastKnownFileType = sourcecode.swift; name = TimerEngine.swift; path = Sources/CookConsole/Domain/TimerEngine.swift; sourceTree = "<group>"; };
		97845F6FDBFB892C6A0DDB6C /* CookConsoleApp.swift */ = {isa = PBXFileReference; includeInIndex = 1; lastKnownFileType = sourcecode.swift; name = CookConsoleApp.swift; path = Sources/CookConsole/CookConsoleApp.swift; sourceTree = "<group>"; };
		994F8F7AC8D3956610EC420F /* DataTransferService.swift */ = {isa = PBXFileReference; includeInIndex = 1; lastKnownFileType = sourcecode.swift; name = DataTransferService.swift; path = Sources/CookConsole/Data/DataTransferService.swift; sourceTree = "<group>"; };
		9AF1791A3D872548F19425E0 /* RecipeRepository.swift */ = {isa = PBXFileReference; includeInIndex = 1; lastKnownFileType = sourcecode.swift; name = RecipeRepository.swift; path = Sources/CookConsole/Data/RecipeRepository.swift; sourceTree = "<group>"; };
		9DF8DFB93E07189C75D69BFA /* Recipe.swift */ = {isa = PBXFileReference; includeInIndex = 1; lastKnownFileType = sourcecode.swift; name = Recipe.swift; path = Sources/CookConsole/Domain/Recipe.swift; sourceTree = "<group>"; };
		9FA947FDD478AC1B85DAFCF8 /* TimerStatePalette.swift */ = {isa = PBXFileReference; includeInIndex = 1; lastKnownFileType = sourcecode.swift; name = TimerStatePalette.swift; path = Sources/CookConsole/Features/TimerStatePalette.swift; sourceTree = "<group>"; };
		A00B6B12F1A823513AA153A6 /* TimerRepository.swift */ = {isa = PBXFileReference; includeInIndex = 1; lastKnownFileType = sourcecode.swift; name = TimerRepository.swift; path = Sources/CookConsole/Data/TimerRepository.swift; sourceTree = "<group>"; };
		AACB91E9A397B771E52E3C59 /* CookModeView.swift */ = {isa = PBXFileReference; includeInIndex = 1; lastKnownFileType = sourcecode.swift; name = CookModeView.swift; path = Sources/CookConsole/Features/CookModeView.swift; sourceTree = "<group>"; };
		B368034E76BCBC6B42E841C7 /* CookProgressTests.swift */ = {isa = PBXFileReference; includeInIndex = 1; lastKnownFileType = sourcecode.swift; name = CookProgressTests.swift; path = Tests/CookConsoleTests/CookProgressTests.swift; sourceTree = "<group>"; };
		B37A78519B05E0DC60B7C46E /* CookConsoleTests.xctest */ = {isa = PBXFileReference; explicitFileType = wrapper.cfbundle; includeInIndex = 0; path = CookConsoleTests.xctest; sourceTree = BUILT_PRODUCTS_DIR; };
		B5E55D56E53A44668D1E87E9 /* CookTimer.swift */ = {isa = PBXFileReference; includeInIndex = 1; lastKnownFileType = sourcecode.swift; name = CookTimer.swift; path = Sources/CookConsole/Domain/CookTimer.swift; sourceTree = "<group>"; };
		B6A82C404859CAB05778121D /* LocalNotificationService.swift */ = {isa = PBXFileReference; includeInIndex = 1; lastKnownFileType = sourcecode.swift; name = LocalNotificationService.swift; path = Sources/CookConsole/Services/LocalNotificationService.swift; sourceTree = "<group>"; };
		BB56A6DFBAA46EF734F555BF /* AppInfo.swift */ = {isa = PBXFileReference; includeInIndex = 1; lastKnownFileType = sourcecode.swift; name = AppInfo.swift; path = Sources/CookConsole/AppInfo.swift; sourceTree = "<group>"; };
		BC9E3EF93223ED6B27137E62 /* ConsoleLayout.swift */ = {isa = PBXFileReference; includeInIndex = 1; lastKnownFileType = sourcecode.swift; name = ConsoleLayout.swift; path = Sources/CookConsole/Domain/ConsoleLayout.swift; sourceTree = "<group>"; };
		BFB1EFF4FDFD08FB5371693B /* TimerEngineTests.swift */ = {isa = PBXFileReference; includeInIndex = 1; lastKnownFileType = sourcecode.swift; name = TimerEngineTests.swift; path = Tests/CookConsoleTests/TimerEngineTests.swift; sourceTree = "<group>"; };
		C0640DD914ACC8F2669E8B55 /* PlainTextRecipeParserTests.swift */ = {isa = PBXFileReference; includeInIndex = 1; lastKnownFileType = sourcecode.swift; name = PlainTextRecipeParserTests.swift; path = Tests/CookConsoleTests/PlainTextRecipeParserTests.swift; sourceTree = "<group>"; };
		CF1D5A28BAD26322ABB62F55 /* YourDataView.swift */ = {isa = PBXFileReference; includeInIndex = 1; lastKnownFileType = sourcecode.swift; name = YourDataView.swift; path = Sources/CookConsole/Features/YourDataView.swift; sourceTree = "<group>"; };
		D8C519F06A581C5C5C123A54 /* Assets.xcassets */ = {isa = PBXFileReference; includeInIndex = 1; lastKnownFileType = folder.assetcatalog; name = Assets.xcassets; path = Resources/Assets.xcassets; sourceTree = "<group>"; };
		DD800AD9A7F74A148CDCA9DA /* RecipeEditorView.swift */ = {isa = PBXFileReference; includeInIndex = 1; lastKnownFileType = sourcecode.swift; name = RecipeEditorView.swift; path = Sources/CookConsole/Features/RecipeEditorView.swift; sourceTree = "<group>"; };
		DD8BCCECB32B5BA01C23FCD3 /* CookSessionRepositoryTests.swift */ = {isa = PBXFileReference; includeInIndex = 1; lastKnownFileType = sourcecode.swift; name = CookSessionRepositoryTests.swift; path = Tests/CookConsoleTests/CookSessionRepositoryTests.swift; sourceTree = "<group>"; };
		DDD3DC121521FC84D59B6A9E /* RecipeDatabase.swift */ = {isa = PBXFileReference; includeInIndex = 1; lastKnownFileType = sourcecode.swift; name = RecipeDatabase.swift; path = Sources/CookConsole/Data/RecipeDatabase.swift; sourceTree = "<group>"; };
		DF1B59B2D6AC7BA094ACEC89 /* DataTransferServiceTests.swift */ = {isa = PBXFileReference; includeInIndex = 1; lastKnownFileType = sourcecode.swift; name = DataTransferServiceTests.swift; path = Tests/CookConsoleTests/DataTransferServiceTests.swift; sourceTree = "<group>"; };
		E296BA4AFCFAA96FE28F03C9 /* VersioningTests.swift */ = {isa = PBXFileReference; includeInIndex = 1; lastKnownFileType = sourcecode.swift; name = VersioningTests.swift; path = Tests/CookConsoleTests/VersioningTests.swift; sourceTree = "<group>"; };
		E9DCAE5923AB2E077ADCF4FD /* CookHaptics.swift */ = {isa = PBXFileReference; includeInIndex = 1; lastKnownFileType = sourcecode.swift; name = CookHaptics.swift; path = Sources/CookConsole/Services/CookHaptics.swift; sourceTree = "<group>"; };
		EB5C9F2EEC182E3B4751CDDD /* CookConsoleUITests.xctest */ = {isa = PBXFileReference; explicitFileType = wrapper.cfbundle; includeInIndex = 0; path = CookConsoleUITests.xctest; sourceTree = BUILT_PRODUCTS_DIR; };
		F187EBF95B4E48D72C898BBB /* ConsoleSurface.swift */ = {isa = PBXFileReference; includeInIndex = 1; lastKnownFileType = sourcecode.swift; name = ConsoleSurface.swift; path = Sources/CookConsole/Features/ConsoleSurface.swift; sourceTree = "<group>"; };
/* End PBXFileReference section */

/* Begin PBXFrameworksBuildPhase section */
		50CD83A39CF7638D5B959329 /* Frameworks */ = {
			isa = PBXFrameworksBuildPhase;
			buildActionMask = 2147483647;
			files = (
				1B1F60EAD396F42F0D6EE900 /* Foundation.framework in Frameworks */,
				18F80C257930464A779EE7B3 /* GRDB in Frameworks */,
			);
			runOnlyForDeploymentPostprocessing = 0;
		};
		AD6A813B62F9E1C588034774 /* Frameworks */ = {
			isa = PBXFrameworksBuildPhase;
			buildActionMask = 2147483647;
			files = (
				36D41F00771BCA2D8F04B928 /* Foundation.framework in Frameworks */,
				D601CA6EA0A8A30DB8E54757 /* GRDB in Frameworks */,
			);
			runOnlyForDeploymentPostprocessing = 0;
		};
		D6294E5D65ED81C15944C937 /* Frameworks */ = {
			isa = PBXFrameworksBuildPhase;
			buildActionMask = 2147483647;
			files = (
				D31454205D34F88E91058E4C /* Foundation.framework in Frameworks */,
			);
			runOnlyForDeploymentPostprocessing = 0;
		};
/* End PBXFrameworksBuildPhase section */

/* Begin PBXGroup section */
		7030848E823D6D3F53B1619D /* iOS */ = {
			isa = PBXGroup;
			children = (
				4945733343026C1A34EF9D22 /* Foundation.framework */,
			);
			name = iOS;
			sourceTree = "<group>";
		};
		7FE8480D0386A31159680155 /* Products */ = {
			isa = PBXGroup;
			children = (
				9529B4A10D353D9FAE7DE191 /* CookConsole.app */,
				B37A78519B05E0DC60B7C46E /* CookConsoleTests.xctest */,
				EB5C9F2EEC182E3B4751CDDD /* CookConsoleUITests.xctest */,
			);
			name = Products;
			sourceTree = "<group>";
		};
		DF30F81CC07BEB2CB51CC687 /* Frameworks */ = {
			isa = PBXGroup;
			children = (
				7030848E823D6D3F53B1619D /* iOS */,
			);
			name = Frameworks;
			sourceTree = "<group>";
		};
		E8C81E8ADD91BFDC77E6775E = {
			isa = PBXGroup;
			children = (
				7FE8480D0386A31159680155 /* Products */,
				DF30F81CC07BEB2CB51CC687 /* Frameworks */,
				BB56A6DFBAA46EF734F555BF /* AppInfo.swift */,
				47254B713A31B9EEA20ED91D /* AppStore.swift */,
				702C6D924E595B83EAE284A0 /* ContentView.swift */,
				97845F6FDBFB892C6A0DDB6C /* CookConsoleApp.swift */,
				994F8F7AC8D3956610EC420F /* DataTransferService.swift */,
				DDD3DC121521FC84D59B6A9E /* RecipeDatabase.swift */,
				9AF1791A3D872548F19425E0 /* RecipeRepository.swift */,
				A00B6B12F1A823513AA153A6 /* TimerRepository.swift */,
				BC9E3EF93223ED6B27137E62 /* ConsoleLayout.swift */,
				57702934D435B2CC7539B42E /* CookSession.swift */,
				B5E55D56E53A44668D1E87E9 /* CookTimer.swift */,
				2FF3C48108F674D1D6382254 /* PlainTextRecipeParser.swift */,
				9DF8DFB93E07189C75D69BFA /* Recipe.swift */,
				32BE8690757EE2B75A6FE6C6 /* RecipeDraft.swift */,
				74F4EF68E4016ED097E0AA8E /* ScalingEngine.swift */,
				9774FBB3DD5CEEBCEB613F63 /* TimerEngine.swift */,
				14D7F61F47E8C8FE9444C508 /* TimerNarration.swift */,
				F187EBF95B4E48D72C898BBB /* ConsoleSurface.swift */,
				AACB91E9A397B771E52E3C59 /* CookModeView.swift */,
				4AAE6B8F82DBEFAE14301BF8 /* RecipeDetailView.swift */,
				DD800AD9A7F74A148CDCA9DA /* RecipeEditorView.swift */,
				07C942AC9E9DD30432C6BB91 /* RecipeLibraryView.swift */,
				9FA947FDD478AC1B85DAFCF8 /* TimerStatePalette.swift */,
				CF1D5A28BAD26322ABB62F55 /* YourDataView.swift */,
				E9DCAE5923AB2E077ADCF4FD /* CookHaptics.swift */,
				B6A82C404859CAB05778121D /* LocalNotificationService.swift */,
				31DE2ADA6C2B91F4AEB53605 /* TimerNotificationScheduling.swift */,
				D8C519F06A581C5C5C123A54 /* Assets.xcassets */,
				5FAF358D9A62B383BA98C602 /* AppInfoTests.swift */,
				73A3DF1076B55FC8E1DC8307 /* AppStoreQueryTests.swift */,
				7D38D04DF3BC12BEBBD3BD4F /* ConsoleLayoutTests.swift */,
				B368034E76BCBC6B42E841C7 /* CookProgressTests.swift */,
				DD8BCCECB32B5BA01C23FCD3 /* CookSessionRepositoryTests.swift */,
				DF1B59B2D6AC7BA094ACEC89 /* DataTransferServiceTests.swift */,
				90F572EB6DEDFCE05D24ACEA /* DomainModelTests.swift */,
				C0640DD914ACC8F2669E8B55 /* PlainTextRecipeParserTests.swift */,
				3CDD30C66936C3C3B3ED65CF /* RecipeRepositoryTests.swift */,
				4317FDC9ECEF000DDD2B5DC0 /* ScalingEngineTests.swift */,
				BFB1EFF4FDFD08FB5371693B /* TimerEngineTests.swift */,
				6E88875E434D337D1EF79C8B /* TimerNarrationTests.swift */,
				E296BA4AFCFAA96FE28F03C9 /* VersioningTests.swift */,
				320F96E248BB290D4963EBDF /* AccessibilityUITests.swift */,
				58C278FED7DF1564648CF6EC /* ConsoleSplitUITests.swift */,
				17F1A46E2C0A4BD08FDABD66 /* DataOwnershipUITests.swift */,
				836A8AE28206DE82A7B44462 /* RecipeWorkflowUITests.swift */,
			);
			sourceTree = "<group>";
		};
/* End PBXGroup section */

/* Begin PBXNativeTarget section */
		34E11840AEBFC6CF3A431618 /* CookConsoleUITests */ = {
			isa = PBXNativeTarget;
			buildConfigurationList = 81C0316DFB67676961A3C6DB /* Build configuration list for PBXNativeTarget "CookConsoleUITests" */;
			buildPhases = (
				1590871399DC27E50D010154 /* Sources */,
				D6294E5D65ED81C15944C937 /* Frameworks */,
				73D314942F6C8254A23BB4EC /* Resources */,
			);
			buildRules = (
			);
			dependencies = (
				EFCA919635AD85BBAF195BDC /* PBXTargetDependency */,
			);
			name = CookConsoleUITests;
			productName = CookConsoleUITests;
			productReference = EB5C9F2EEC182E3B4751CDDD /* CookConsoleUITests.xctest */;
			productType = "com.apple.product-type.bundle.ui-testing";
		};
		6ED0469E8EA2A1790EF99221 /* CookConsole */ = {
			isa = PBXNativeTarget;
			buildConfigurationList = E25E1F0D50DC42475DFA7D47 /* Build configuration list for PBXNativeTarget "CookConsole" */;
			buildPhases = (
				1840CBA9E3892AB535C3647B /* Sources */,
				AD6A813B62F9E1C588034774 /* Frameworks */,
				427646F887519938A99C113E /* Resources */,
			);
			buildRules = (
			);
			dependencies = (
			);
			name = CookConsole;
			packageProductDependencies = (
				F555F6E8BCA2BB4BC491F062 /* GRDB */,
			);
			productName = CookConsole;
			productReference = 9529B4A10D353D9FAE7DE191 /* CookConsole.app */;
			productType = "com.apple.product-type.application";
		};
		890215E149BD517B4C183A4D /* CookConsoleTests */ = {
			isa = PBXNativeTarget;
			buildConfigurationList = C85CDFA40F5DEA8868D3CD42 /* Build configuration list for PBXNativeTarget "CookConsoleTests" */;
			buildPhases = (
				BC22D7A09877CA79587829B0 /* Sources */,
				50CD83A39CF7638D5B959329 /* Frameworks */,
				79B0EC822AD64BA8028D407A /* Resources */,
			);
			buildRules = (
			);
			dependencies = (
				791767F24AEC9A84CD9FC5CB /* PBXTargetDependency */,
			);
			name = CookConsoleTests;
			packageProductDependencies = (
				5FCDB866E4E75AE58113F0C8 /* GRDB */,
			);
			productName = CookConsoleTests;
			productReference = B37A78519B05E0DC60B7C46E /* CookConsoleTests.xctest */;
			productType = "com.apple.product-type.bundle.unit-test";
		};
/* End PBXNativeTarget section */

/* Begin PBXProject section */
		F234C47023C07F5D36512651 /* Project object */ = {
			isa = PBXProject;
			attributes = {
				LastSwiftUpdateCheck = 1600;
				LastUpgradeCheck = 1600;
			};
			buildConfigurationList = 0642BE7EA3599E38A45193C6 /* Build configuration list for PBXProject "CookConsole" */;
			compatibilityVersion = "Xcode 3.2";
			developmentRegion = en;
			hasScannedForEncodings = 0;
			knownRegions = (
				en,
				Base,
			);
			mainGroup = E8C81E8ADD91BFDC77E6775E;
			minimizedProjectReferenceProxies = 0;
			packageReferences = (
				FD66F94B48F3276D1C445B0A /* XCRemoteSwiftPackageReference "GRDB.swift" */,
			);
			preferredProjectObjectVersion = 100;
			productRefGroup = 7FE8480D0386A31159680155 /* Products */;
			projectDirPath = "";
			projectRoot = "";
			targets = (
				6ED0469E8EA2A1790EF99221 /* CookConsole */,
				890215E149BD517B4C183A4D /* CookConsoleTests */,
				34E11840AEBFC6CF3A431618 /* CookConsoleUITests */,
			);
		};
/* End PBXProject section */

/* Begin PBXResourcesBuildPhase section */
		427646F887519938A99C113E /* Resources */ = {
			isa = PBXResourcesBuildPhase;
			buildActionMask = 2147483647;
			files = (
				5865600C793F34CB0AEB0ECB /* Assets.xcassets in Resources */,
			);
			runOnlyForDeploymentPostprocessing = 0;
		};
		73D314942F6C8254A23BB4EC /* Resources */ = {
			isa = PBXResourcesBuildPhase;
			buildActionMask = 2147483647;
			files = (
			);
			runOnlyForDeploymentPostprocessing = 0;
		};
		79B0EC822AD64BA8028D407A /* Resources */ = {
			isa = PBXResourcesBuildPhase;
			buildActionMask = 2147483647;
			files = (
			);
			runOnlyForDeploymentPostprocessing = 0;
		};
/* End PBXResourcesBuildPhase section */

/* Begin PBXSourcesBuildPhase section */
		1590871399DC27E50D010154 /* Sources */ = {
			isa = PBXSourcesBuildPhase;
			buildActionMask = 2147483647;
			files = (
				516340463F1357AE57EAB692 /* AccessibilityUITests.swift in Sources */,
				D4B6E44D4578C4900DE249AD /* ConsoleSplitUITests.swift in Sources */,
				FB0459F8CA3A1DC6D6063646 /* DataOwnershipUITests.swift in Sources */,
				847A335921A531C63902F214 /* RecipeWorkflowUITests.swift in Sources */,
			);
			runOnlyForDeploymentPostprocessing = 0;
		};
		1840CBA9E3892AB535C3647B /* Sources */ = {
			isa = PBXSourcesBuildPhase;
			buildActionMask = 2147483647;
			files = (
				7BE50D706F34AD4243D9AAB9 /* AppInfo.swift in Sources */,
				DD034E80B09FE21BE7145B9B /* AppStore.swift in Sources */,
				F73D787939BB50C1E4AD4B01 /* ContentView.swift in Sources */,
				661ED916F09F8E5A92EB1E54 /* CookConsoleApp.swift in Sources */,
				1B174A67FF555120FA0E3D2D /* DataTransferService.swift in Sources */,
				7C64EDD958B9C3D304315224 /* RecipeDatabase.swift in Sources */,
				ED07EE915F62276B91E6BE74 /* RecipeRepository.swift in Sources */,
				FAEDAC6CE04192959BC7E934 /* TimerRepository.swift in Sources */,
				CB42353B9CFD6260E2560E6F /* ConsoleLayout.swift in Sources */,
				326BB20C4CF24982D8C57337 /* CookSession.swift in Sources */,
				FF9425AD3AAC426B60183B2D /* CookTimer.swift in Sources */,
				843787416DF1C205EC464246 /* PlainTextRecipeParser.swift in Sources */,
				7B89490F9105611538798B34 /* Recipe.swift in Sources */,
				CE6C43E9C2AA69DF5E0FB786 /* RecipeDraft.swift in Sources */,
				5FF882DAC8182550C48A451A /* ScalingEngine.swift in Sources */,
				EFE70BB3D980B56AF2A3491B /* TimerEngine.swift in Sources */,
				EBCAEE1D350E189A1F89B735 /* TimerNarration.swift in Sources */,
				69FCACF0786052C2A71F622D /* ConsoleSurface.swift in Sources */,
				4A473564AA1518D9183ED666 /* CookModeView.swift in Sources */,
				D6EDA9505FFD13CDF91A20B5 /* RecipeDetailView.swift in Sources */,
				E37087BCD7A324969B250538 /* RecipeEditorView.swift in Sources */,
				7E947AB2F355FB73DA282BD8 /* RecipeLibraryView.swift in Sources */,
				D71F0AF3F721F7BC5A80463D /* TimerStatePalette.swift in Sources */,
				2A5B90765333198A8EB514EC /* YourDataView.swift in Sources */,
				E41EEC764B119F3D829E3014 /* CookHaptics.swift in Sources */,
				B0AE721CDD7226D54BE6870D /* LocalNotificationService.swift in Sources */,
				A8965F5236584FB956942C55 /* TimerNotificationScheduling.swift in Sources */,
			);
			runOnlyForDeploymentPostprocessing = 0;
		};
		BC22D7A09877CA79587829B0 /* Sources */ = {
			isa = PBXSourcesBuildPhase;
			buildActionMask = 2147483647;
			files = (
				0ED56FBEF247EB97D02BE58A /* AppInfoTests.swift in Sources */,
				19B967031EE0A9778790BCE6 /* AppStoreQueryTests.swift in Sources */,
				AC74A3BFD7F354D6306AEA40 /* ConsoleLayoutTests.swift in Sources */,
				4244E307EA90AAEBB5643B49 /* CookProgressTests.swift in Sources */,
				FC530069F061ABD0905FBB4E /* CookSessionRepositoryTests.swift in Sources */,
				B28CAD02C9807CF6243DF50B /* DataTransferServiceTests.swift in Sources */,
				1C2BA0AA580AD2B90936FE91 /* DomainModelTests.swift in Sources */,
				2D53E2815BDD3854BB5ED81B /* PlainTextRecipeParserTests.swift in Sources */,
				7DE285CA4EB667A5EC364385 /* RecipeRepositoryTests.swift in Sources */,
				79F548084D7C5AAB80DD661D /* ScalingEngineTests.swift in Sources */,
				CB23D7E0DD217C78D5F03C39 /* TimerEngineTests.swift in Sources */,
				09CBFFEB1983D804B0138239 /* TimerNarrationTests.swift in Sources */,
				E288A3745B3F1718549FBC33 /* VersioningTests.swift in Sources */,
			);
			runOnlyForDeploymentPostprocessing = 0;
		};
/* End PBXSourcesBuildPhase section */

/* Begin PBXTargetDependency section */
		791767F24AEC9A84CD9FC5CB /* PBXTargetDependency */ = {
			isa = PBXTargetDependency;
			name = CookConsole;
			target = 6ED0469E8EA2A1790EF99221 /* CookConsole */;
			targetProxy = 1EBE8D88C8AEA5F1045FB0D8 /* PBXContainerItemProxy */;
		};
		EFCA919635AD85BBAF195BDC /* PBXTargetDependency */ = {
			isa = PBXTargetDependency;
			name = CookConsole;
			target = 6ED0469E8EA2A1790EF99221 /* CookConsole */;
			targetProxy = A02FFB5F436B725740F055AE /* PBXContainerItemProxy */;
		};
/* End PBXTargetDependency section */

/* Begin XCBuildConfiguration section */
		1BA7B10ED2549547FD7F48FD /* Debug */ = {
			isa = XCBuildConfiguration;
			buildSettings = {
				ASSETCATALOG_COMPILER_APPICON_NAME = AppIcon;
				ASSETCATALOG_COMPILER_GENERATE_ASSET_SYMBOL_EXTENSIONS = YES;
				ASSETCATALOG_COMPILER_GLOBAL_ACCENT_COLOR_NAME = AccentColor;
				CLANG_ENABLE_OBJC_WEAK = NO;
				CURRENT_PROJECT_VERSION = 1;
				ENABLE_PREVIEWS = YES;
				GENERATE_INFOPLIST_FILE = YES;
				INFOPLIST_KEY_UIApplicationSceneManifest_Generation = YES;
				INFOPLIST_KEY_UIApplicationSupportsIndirectInputEvents = YES;
				INFOPLIST_KEY_UILaunchScreen_Generation = YES;
				INFOPLIST_KEY_UISupportedInterfaceOrientations_iPhone = "UIInterfaceOrientationPortrait UIInterfaceOrientationLandscapeLeft UIInterfaceOrientationLandscapeRight";
				IPHONEOS_DEPLOYMENT_TARGET = 26.0;
				LD_RUNPATH_SEARCH_PATHS = "$(inherited) @executable_path/Frameworks";
				MARKETING_VERSION = 1.0.0;
				PRODUCT_BUNDLE_IDENTIFIER = com.infinityball.cookconsole;
				PRODUCT_NAME = CookConsole;
				SDKROOT = iphoneos;
				TARGETED_DEVICE_FAMILY = "1,2";
			};
			name = Debug;
		};
		2EC8F7C37692AED9F88471BA /* Debug */ = {
			isa = XCBuildConfiguration;
			buildSettings = {
				ALWAYS_SEARCH_USER_PATHS = NO;
				CLANG_ANALYZER_NONNULL = YES;
				CLANG_ANALYZER_NUMBER_OBJECT_CONVERSION = YES_AGGRESSIVE;
				CLANG_CXX_LANGUAGE_STANDARD = "gnu++14";
				CLANG_CXX_LIBRARY = "libc++";
				CLANG_ENABLE_MODULES = YES;
				CLANG_ENABLE_OBJC_ARC = YES;
				CLANG_ENABLE_OBJC_WEAK = YES;
				CLANG_WARN_BLOCK_CAPTURE_AUTORELEASING = YES;
				CLANG_WARN_BOOL_CONVERSION = YES;
				CLANG_WARN_COMMA = YES;
				CLANG_WARN_CONSTANT_CONVERSION = YES;
				CLANG_WARN_DEPRECATED_OBJC_IMPLEMENTATIONS = YES;
				CLANG_WARN_DIRECT_OBJC_ISA_USAGE = YES_ERROR;
				CLANG_WARN_DOCUMENTATION_COMMENTS = YES;
				CLANG_WARN_EMPTY_BODY = YES;
				CLANG_WARN_ENUM_CONVERSION = YES;
				CLANG_WARN_INFINITE_RECURSION = YES;
				CLANG_WARN_INT_CONVERSION = YES;
				CLANG_WARN_NON_LITERAL_NULL_CONVERSION = YES;
				CLANG_WARN_OBJC_IMPLICIT_RETAIN_SELF = YES;
				CLANG_WARN_OBJC_LITERAL_CONVERSION = YES;
				CLANG_WARN_OBJC_ROOT_CLASS = YES_ERROR;
				CLANG_WARN_QUOTED_INCLUDE_IN_FRAMEWORK_HEADER = YES;
				CLANG_WARN_RANGE_LOOP_ANALYSIS = YES;
				CLANG_WARN_STRICT_PROTOTYPES = YES;
				CLANG_WARN_SUSPICIOUS_MOVE = YES;
				CLANG_WARN_UNGUARDED_AVAILABILITY = YES_AGGRESSIVE;
				CLANG_WARN_UNREACHABLE_CODE = YES;
				CLANG_WARN__DUPLICATE_METHOD_MATCH = YES;
				CODE_SIGN_STYLE = Automatic;
				COPY_PHASE_STRIP = NO;
				DEBUG_INFORMATION_FORMAT = dwarf;
				ENABLE_STRICT_OBJC_MSGSEND = YES;
				ENABLE_TESTABILITY = YES;
				ENABLE_USER_SCRIPT_SANDBOXING = YES;
				GCC_C_LANGUAGE_STANDARD = gnu11;
				GCC_DYNAMIC_NO_PIC = NO;
				GCC_NO_COMMON_BLOCKS = YES;
				GCC_OPTIMIZATION_LEVEL = 0;
				GCC_PREPROCESSOR_DEFINITIONS = (
					"DEBUG=1",
					"$(inherited)",
				);
				GCC_WARN_64_TO_32_BIT_CONVERSION = YES;
				GCC_WARN_ABOUT_RETURN_TYPE = YES_ERROR;
				GCC_WARN_UNDECLARED_SELECTOR = YES;
				GCC_WARN_UNINITIALIZED_AUTOS = YES_AGGRESSIVE;
				GCC_WARN_UNUSED_FUNCTION = YES;
				GCC_WARN_UNUSED_VARIABLE = YES;
				IPHONEOS_DEPLOYMENT_TARGET = 26.0;
				MTL_ENABLE_DEBUG_INFO = INCLUDE_SOURCE;
				MTL_FAST_MATH = YES;
				ONLY_ACTIVE_ARCH = YES;
				PRODUCT_NAME = "$(TARGET_NAME)";
				SWIFT_ACTIVE_COMPILATION_CONDITIONS = DEBUG;
				SWIFT_OPTIMIZATION_LEVEL = "-Onone";
				SWIFT_STRICT_CONCURRENCY = complete;
				SWIFT_VERSION = 6.0;
			};
			name = Debug;
		};
		660C72DCA9B02A8DCEC0F490 /* Release */ = {
			isa = XCBuildConfiguration;
			buildSettings = {
				ASSETCATALOG_COMPILER_APPICON_NAME = AppIcon;
				ASSETCATALOG_COMPILER_GENERATE_ASSET_SYMBOL_EXTENSIONS = YES;
				ASSETCATALOG_COMPILER_GLOBAL_ACCENT_COLOR_NAME = AccentColor;
				CLANG_ENABLE_OBJC_WEAK = NO;
				CURRENT_PROJECT_VERSION = 1;
				ENABLE_PREVIEWS = YES;
				GENERATE_INFOPLIST_FILE = YES;
				INFOPLIST_KEY_UIApplicationSceneManifest_Generation = YES;
				INFOPLIST_KEY_UIApplicationSupportsIndirectInputEvents = YES;
				INFOPLIST_KEY_UILaunchScreen_Generation = YES;
				INFOPLIST_KEY_UISupportedInterfaceOrientations_iPhone = "UIInterfaceOrientationPortrait UIInterfaceOrientationLandscapeLeft UIInterfaceOrientationLandscapeRight";
				IPHONEOS_DEPLOYMENT_TARGET = 26.0;
				LD_RUNPATH_SEARCH_PATHS = "$(inherited) @executable_path/Frameworks";
				MARKETING_VERSION = 1.0.0;
				PRODUCT_BUNDLE_IDENTIFIER = com.infinityball.cookconsole;
				PRODUCT_NAME = CookConsole;
				SDKROOT = iphoneos;
				TARGETED_DEVICE_FAMILY = "1,2";
				VALIDATE_PRODUCT = YES;
			};
			name = Release;
		};
		9041FA9EAB7D2E90ACF238AE /* Release */ = {
			isa = XCBuildConfiguration;
			buildSettings = {
				BUNDLE_LOADER = "$(TEST_HOST)";
				CLANG_ENABLE_OBJC_WEAK = NO;
				GENERATE_INFOPLIST_FILE = YES;
				IPHONEOS_DEPLOYMENT_TARGET = 26.0;
				PRODUCT_BUNDLE_IDENTIFIER = com.infinityball.cookconsole.tests;
				SDKROOT = iphoneos;
				TEST_HOST = "$(BUILT_PRODUCTS_DIR)/CookConsole.app/$(BUNDLE_EXECUTABLE_FOLDER_PATH)/CookConsole";
				VALIDATE_PRODUCT = YES;
			};
			name = Release;
		};
		B6D46C04CC3BC5B1623C42CA /* Debug */ = {
			isa = XCBuildConfiguration;
			buildSettings = {
				CLANG_ENABLE_OBJC_WEAK = NO;
				GENERATE_INFOPLIST_FILE = YES;
				IPHONEOS_DEPLOYMENT_TARGET = 26.0;
				PRODUCT_BUNDLE_IDENTIFIER = com.infinityball.cookconsole.uitests;
				SDKROOT = iphoneos;
				TEST_TARGET_NAME = CookConsole;
			};
			name = Debug;
		};
		CFBBD4836ABC0268CA74E32B /* Release */ = {
			isa = XCBuildConfiguration;
			buildSettings = {
				ALWAYS_SEARCH_USER_PATHS = NO;
				CLANG_ANALYZER_NONNULL = YES;
				CLANG_ANALYZER_NUMBER_OBJECT_CONVERSION = YES_AGGRESSIVE;
				CLANG_CXX_LANGUAGE_STANDARD = "gnu++14";
				CLANG_CXX_LIBRARY = "libc++";
				CLANG_ENABLE_MODULES = YES;
				CLANG_ENABLE_OBJC_ARC = YES;
				CLANG_ENABLE_OBJC_WEAK = YES;
				CLANG_WARN_BLOCK_CAPTURE_AUTORELEASING = YES;
				CLANG_WARN_BOOL_CONVERSION = YES;
				CLANG_WARN_COMMA = YES;
				CLANG_WARN_CONSTANT_CONVERSION = YES;
				CLANG_WARN_DEPRECATED_OBJC_IMPLEMENTATIONS = YES;
				CLANG_WARN_DIRECT_OBJC_ISA_USAGE = YES_ERROR;
				CLANG_WARN_DOCUMENTATION_COMMENTS = YES;
				CLANG_WARN_EMPTY_BODY = YES;
				CLANG_WARN_ENUM_CONVERSION = YES;
				CLANG_WARN_INFINITE_RECURSION = YES;
				CLANG_WARN_INT_CONVERSION = YES;
				CLANG_WARN_NON_LITERAL_NULL_CONVERSION = YES;
				CLANG_WARN_OBJC_IMPLICIT_RETAIN_SELF = YES;
				CLANG_WARN_OBJC_LITERAL_CONVERSION = YES;
				CLANG_WARN_OBJC_ROOT_CLASS = YES_ERROR;
				CLANG_WARN_QUOTED_INCLUDE_IN_FRAMEWORK_HEADER = YES;
				CLANG_WARN_RANGE_LOOP_ANALYSIS = YES;
				CLANG_WARN_STRICT_PROTOTYPES = YES;
				CLANG_WARN_SUSPICIOUS_MOVE = YES;
				CLANG_WARN_UNGUARDED_AVAILABILITY = YES_AGGRESSIVE;
				CLANG_WARN_UNREACHABLE_CODE = YES;
				CLANG_WARN__DUPLICATE_METHOD_MATCH = YES;
				CODE_SIGN_STYLE = Automatic;
				COPY_PHASE_STRIP = NO;
				DEBUG_INFORMATION_FORMAT = "dwarf-with-dsym";
				ENABLE_NS_ASSERTIONS = NO;
				ENABLE_STRICT_OBJC_MSGSEND = YES;
				ENABLE_USER_SCRIPT_SANDBOXING = YES;
				GCC_C_LANGUAGE_STANDARD = gnu11;
				GCC_NO_COMMON_BLOCKS = YES;
				GCC_WARN_64_TO_32_BIT_CONVERSION = YES;
				GCC_WARN_ABOUT_RETURN_TYPE = YES_ERROR;
				GCC_WARN_UNDECLARED_SELECTOR = YES;
				GCC_WARN_UNINITIALIZED_AUTOS = YES_AGGRESSIVE;
				GCC_WARN_UNUSED_FUNCTION = YES;
				GCC_WARN_UNUSED_VARIABLE = YES;
				IPHONEOS_DEPLOYMENT_TARGET = 26.0;
				MTL_ENABLE_DEBUG_INFO = NO;
				MTL_FAST_MATH = YES;
				PRODUCT_NAME = "$(TARGET_NAME)";
				SWIFT_COMPILATION_MODE = wholemodule;
				SWIFT_OPTIMIZATION_LEVEL = "-O";
				SWIFT_STRICT_CONCURRENCY = complete;
				SWIFT_VERSION = 6.0;
			};
			name = Release;
		};
		DB14AE83B55861E3E3A54B11 /* Debug */ = {
			isa = XCBuildConfiguration;
			buildSettings = {
				BUNDLE_LOADER = "$(TEST_HOST)";
				CLANG_ENABLE_OBJC_WEAK = NO;
				GENERATE_INFOPLIST_FILE = YES;
				IPHONEOS_DEPLOYMENT_TARGET = 26.0;
				PRODUCT_BUNDLE_IDENTIFIER = com.infinityball.cookconsole.tests;
				SDKROOT = iphoneos;
				TEST_HOST = "$(BUILT_PRODUCTS_DIR)/CookConsole.app/$(BUNDLE_EXECUTABLE_FOLDER_PATH)/CookConsole";
			};
			name = Debug;
		};
		FFED7496FA30BC9CAA7D65CF /* Release */ = {
			isa = XCBuildConfiguration;
			buildSettings = {
				CLANG_ENABLE_OBJC_WEAK = NO;
				GENERATE_INFOPLIST_FILE = YES;
				IPHONEOS_DEPLOYMENT_TARGET = 26.0;
				PRODUCT_BUNDLE_IDENTIFIER = com.infinityball.cookconsole.uitests;
				SDKROOT = iphoneos;
				TEST_TARGET_NAME = CookConsole;
				VALIDATE_PRODUCT = YES;
			};
			name = Release;
		};
/* End XCBuildConfiguration section */

/* Begin XCConfigurationList section */
		0642BE7EA3599E38A45193C6 /* Build configuration list for PBXProject "CookConsole" */ = {
			isa = XCConfigurationList;
			buildConfigurations = (
				2EC8F7C37692AED9F88471BA /* Debug */,
				CFBBD4836ABC0268CA74E32B /* Release */,
			);
			defaultConfigurationIsVisible = 0;
			defaultConfigurationName = Release;
		};
		81C0316DFB67676961A3C6DB /* Build configuration list for PBXNativeTarget "CookConsoleUITests" */ = {
			isa = XCConfigurationList;
			buildConfigurations = (
				FFED7496FA30BC9CAA7D65CF /* Release */,
				B6D46C04CC3BC5B1623C42CA /* Debug */,
			);
			defaultConfigurationIsVisible = 0;
			defaultConfigurationName = Release;
		};
		C85CDFA40F5DEA8868D3CD42 /* Build configuration list for PBXNativeTarget "CookConsoleTests" */ = {
			isa = XCConfigurationList;
			buildConfigurations = (
				9041FA9EAB7D2E90ACF238AE /* Release */,
				DB14AE83B55861E3E3A54B11 /* Debug */,
			);
			defaultConfigurationIsVisible = 0;
			defaultConfigurationName = Release;
		};
		E25E1F0D50DC42475DFA7D47 /* Build configuration list for PBXNativeTarget "CookConsole" */ = {
			isa = XCConfigurationList;
			buildConfigurations = (
				660C72DCA9B02A8DCEC0F490 /* Release */,
				1BA7B10ED2549547FD7F48FD /* Debug */,
			);
			defaultConfigurationIsVisible = 0;
			defaultConfigurationName = Release;
		};
/* End XCConfigurationList section */

/* Begin XCRemoteSwiftPackageReference section */
		FD66F94B48F3276D1C445B0A /* XCRemoteSwiftPackageReference "GRDB.swift" */ = {
			isa = XCRemoteSwiftPackageReference;
			repositoryURL = "https://github.com/groue/GRDB.swift.git";
			requirement = {
				kind = revision;
				revision = b83108d10f42680d78f23fe4d4d80fc88dab3212;
			};
		};
/* End XCRemoteSwiftPackageReference section */

/* Begin XCSwiftPackageProductDependency section */
		5FCDB866E4E75AE58113F0C8 /* GRDB */ = {
			isa = XCSwiftPackageProductDependency;
			package = FD66F94B48F3276D1C445B0A /* XCRemoteSwiftPackageReference "GRDB.swift" */;
			productName = GRDB;
		};
		F555F6E8BCA2BB4BC491F062 /* GRDB */ = {
			isa = XCSwiftPackageProductDependency;
			package = FD66F94B48F3276D1C445B0A /* XCRemoteSwiftPackageReference "GRDB.swift" */;
			productName = GRDB;
		};
/* End XCSwiftPackageProductDependency section */
	};
	rootObject = F234C47023C07F5D36512651 /* Project object */;
}
